// !$*UTF8*$!
{
	archiveVersion = 1;
	classes = {
	};
	objectVersion = 46;
	objects = {

/* Begin PBXBuildFile section */
		6E003A771448AE89003908C2 /* BDLinkedNoteAssociation.m in Sources */ = {isa = PBXBuildFile; fileRef = 6E003A761448AE89003908C2 /* BDLinkedNoteAssociation.m */; };
		6E0EFD101450B8AA007F764D /* DetailView.m in Sources */ = {isa = PBXBuildFile; fileRef = 6E0EFD0E1450B8A9007F764D /* DetailView.m */; };
		6E0EFD111450B8AA007F764D /* DetailView~iphone.xib in Resources */ = {isa = PBXBuildFile; fileRef = 6E0EFD0F1450B8AA007F764D /* DetailView~iphone.xib */; };
		6E214E6B1450723100FE8C4F /* RootViewController.xib in Resources */ = {isa = PBXBuildFile; fileRef = 6E214E691450723100FE8C4F /* RootViewController.xib */; };
		6E214E841450881200FE8C4F /* PresentationListView.m in Sources */ = {isa = PBXBuildFile; fileRef = 6E214E821450881100FE8C4F /* PresentationListView.m */; };
		6E2EA337142B95DC00908103 /* S3RequestDelegate.m in Sources */ = {isa = PBXBuildFile; fileRef = 6E2EA334142B95DC00908103 /* S3RequestDelegate.m */; };
		6E2EA338142B95DC00908103 /* SdbRequestDelegate.m in Sources */ = {isa = PBXBuildFile; fileRef = 6E2EA336142B95DC00908103 /* SdbRequestDelegate.m */; };
		6E2EA33A142B95F600908103 /* sample.html in Resources */ = {isa = PBXBuildFile; fileRef = 6E2EA339142B95F600908103 /* sample.html */; };
		6E2EA33F142B967A00908103 /* RepositoryConstants.m in Sources */ = {isa = PBXBuildFile; fileRef = 6E2EA33C142B967A00908103 /* RepositoryConstants.m */; };
		6E2EA340142B967A00908103 /* RepositoryHandler.m in Sources */ = {isa = PBXBuildFile; fileRef = 6E2EA33E142B967A00908103 /* RepositoryHandler.m */; };
		6E2EA347142B9DF200908103 /* BDLinkedNote.m in Sources */ = {isa = PBXBuildFile; fileRef = 6E2EA342142B9DF200908103 /* BDLinkedNote.m */; };
		6E2EA348142B9DF200908103 /* BDSection.m in Sources */ = {isa = PBXBuildFile; fileRef = 6E2EA344142B9DF200908103 /* BDSection.m */; };
		6E2EA349142B9DF200908103 /* BDSubcategory.m in Sources */ = {isa = PBXBuildFile; fileRef = 6E2EA346142B9DF200908103 /* BDSubcategory.m */; };
		6E2EA34C142B9E0500908103 /* BDCategory.m in Sources */ = {isa = PBXBuildFile; fileRef = 6E2EA34B142B9E0500908103 /* BDCategory.m */; };
		6E2EA34F142B9E3B00908103 /* DataController.m in Sources */ = {isa = PBXBuildFile; fileRef = 6E2EA34E142B9E3B00908103 /* DataController.m */; };
		6E2EA352142B9EB700908103 /* BDQueueEntry.m in Sources */ = {isa = PBXBuildFile; fileRef = 6E2EA351142B9EB700908103 /* BDQueueEntry.m */; };
		6E2EA359142B9F9300908103 /* NSString+UUID.m in Sources */ = {isa = PBXBuildFile; fileRef = 6E2EA354142B9F9300908103 /* NSString+UUID.m */; };
		6E2EA35A142B9F9300908103 /* ProjectConstants.m in Sources */ = {isa = PBXBuildFile; fileRef = 6E2EA356142B9F9300908103 /* ProjectConstants.m */; };
		6E2EA35B142B9F9300908103 /* Utility.m in Sources */ = {isa = PBXBuildFile; fileRef = 6E2EA358142B9F9300908103 /* Utility.m */; };
		6E2EA35F142BA0F800908103 /* AWSiOSSDK.framework in Frameworks */ = {isa = PBXBuildFile; fileRef = 6E2EA35E142BA0F800908103 /* AWSiOSSDK.framework */; };
		6E3140A9145B5A48002A8049 /* PresentationListView~iphone.xib in Resources */ = {isa = PBXBuildFile; fileRef = 6E3140A8145B5A48002A8049 /* PresentationListView~iphone.xib */; };
		6E3140AB145B5D8A002A8049 /* ChapterListView.xib in Resources */ = {isa = PBXBuildFile; fileRef = 6E3140AA145B5D89002A8049 /* ChapterListView.xib */; };
		6E49B041143CC81900E32F3F /* BDPathogenGroup.m in Sources */ = {isa = PBXBuildFile; fileRef = 6E49B040143CC81900E32F3F /* BDPathogenGroup.m */; };
		6E511FDC144F25BD00BB47C9 /* ChapterListView.m in Sources */ = {isa = PBXBuildFile; fileRef = 6E511FDA144F25BD00BB47C9 /* ChapterListView.m */; };
		6E511FDD144F25BD00BB47C9 /* ChapterListView~iphone.xib in Resources */ = {isa = PBXBuildFile; fileRef = 6E511FDB144F25BD00BB47C9 /* ChapterListView~iphone.xib */; };
		6E511FE1144F2FC300BB47C9 /* SectionListView.m in Sources */ = {isa = PBXBuildFile; fileRef = 6E511FDF144F2FC300BB47C9 /* SectionListView.m */; };
		6E511FE2144F2FC300BB47C9 /* SectionListView~iphone.xib in Resources */ = {isa = PBXBuildFile; fileRef = 6E511FE0144F2FC300BB47C9 /* SectionListView~iphone.xib */; };
		6E511FE6144F38C800BB47C9 /* CategoryListView.m in Sources */ = {isa = PBXBuildFile; fileRef = 6E511FE4144F38C800BB47C9 /* CategoryListView.m */; };
		6E511FE7144F38C800BB47C9 /* CategoryListView~iphone.xib in Resources */ = {isa = PBXBuildFile; fileRef = 6E511FE5144F38C800BB47C9 /* CategoryListView~iphone.xib */; };
		6E511FEB144F3AB200BB47C9 /* DiseaseListView.m in Sources */ = {isa = PBXBuildFile; fileRef = 6E511FE9144F3AB100BB47C9 /* DiseaseListView.m */; };
		6E511FEC144F3AB200BB47C9 /* DiseaseListView~iphone.xib in Resources */ = {isa = PBXBuildFile; fileRef = 6E511FEA144F3AB200BB47C9 /* DiseaseListView~iphone.xib */; };
		6E8ED864144E26A0002247E5 /* BDChapter.m in Sources */ = {isa = PBXBuildFile; fileRef = 6E8ED863144E26A0002247E5 /* BDChapter.m */; };
		6E9685C2142BBE15004C5DED /* BDViewer.xcdatamodeld in Sources */ = {isa = PBXBuildFile; fileRef = 6E9685C0142BBE15004C5DED /* BDViewer.xcdatamodeld */; };
		6EA646C31430C2F000A693A4 /* BDDisease.m in Sources */ = {isa = PBXBuildFile; fileRef = 6EA646C21430C2F000A693A4 /* BDDisease.m */; };
		6EA646C71430C33700A693A4 /* BDPresentation.m in Sources */ = {isa = PBXBuildFile; fileRef = 6EA646C61430C33700A693A4 /* BDPresentation.m */; };
		6EA646CA1430C36500A693A4 /* BDPathogen.m in Sources */ = {isa = PBXBuildFile; fileRef = 6EA646C91430C36500A693A4 /* BDPathogen.m */; };
		6EA646CD1430C3A400A693A4 /* BDTherapyGroup.m in Sources */ = {isa = PBXBuildFile; fileRef = 6EA646CC1430C3A400A693A4 /* BDTherapyGroup.m */; };
		6EA646D01430C3D700A693A4 /* BDTherapy.m in Sources */ = {isa = PBXBuildFile; fileRef = 6EA646CF1430C3D700A693A4 /* BDTherapy.m */; };
		6EC50001142AA6BA003232D1 /* UIKit.framework in Frameworks */ = {isa = PBXBuildFile; fileRef = 6EC50000142AA6BA003232D1 /* UIKit.framework */; };
		6EC50003142AA6BA003232D1 /* Foundation.framework in Frameworks */ = {isa = PBXBuildFile; fileRef = 6EC50002142AA6BA003232D1 /* Foundation.framework */; };
		6EC50005142AA6BA003232D1 /* CoreGraphics.framework in Frameworks */ = {isa = PBXBuildFile; fileRef = 6EC50004142AA6BA003232D1 /* CoreGraphics.framework */; };
		6EC50007142AA6BA003232D1 /* CoreData.framework in Frameworks */ = {isa = PBXBuildFile; fileRef = 6EC50006142AA6BA003232D1 /* CoreData.framework */; };
		6EC5000D142AA6BA003232D1 /* InfoPlist.strings in Resources */ = {isa = PBXBuildFile; fileRef = 6EC5000B142AA6BA003232D1 /* InfoPlist.strings */; };
		6EC5000F142AA6BA003232D1 /* main.m in Sources */ = {isa = PBXBuildFile; fileRef = 6EC5000E142AA6BA003232D1 /* main.m */; };
		6EC50013142AA6BA003232D1 /* BDViewerAppDelegate.m in Sources */ = {isa = PBXBuildFile; fileRef = 6EC50012142AA6BA003232D1 /* BDViewerAppDelegate.m */; };
		6EC5001C142AA6BA003232D1 /* RootViewController.m in Sources */ = {isa = PBXBuildFile; fileRef = 6EC5001B142AA6BA003232D1 /* RootViewController.m */; };
		6ECA7030142CDB0B00C54BA7 /* RootViewController~iphone.xib in Resources */ = {isa = PBXBuildFile; fileRef = 6ECA702E142CDB0B00C54BA7 /* RootViewController~iphone.xib */; };
		6ECA7049142D3C4800C54BA7 /* MainWindow_iPad.xib in Resources */ = {isa = PBXBuildFile; fileRef = 6ECA7047142D3C4800C54BA7 /* MainWindow_iPad.xib */; };
		6ECA704C142D3CDA00C54BA7 /* MainWindow_iPhone.xib in Resources */ = {isa = PBXBuildFile; fileRef = 6ECA704A142D3CDA00C54BA7 /* MainWindow_iPhone.xib */; };
		6EE41D1214587CC500F541FC /* bdviewer.css in Resources */ = {isa = PBXBuildFile; fileRef = 6EE41D1114587CC500F541FC /* bdviewer.css */; };
		CB6F1C0D145B1F7F007620DE /* bd-icon114.png in Resources */ = {isa = PBXBuildFile; fileRef = CB6F1C0C145B1F7F007620DE /* bd-icon114.png */; };
		CB95FABD145B11F70005571B /* bd-icon.png in Resources */ = {isa = PBXBuildFile; fileRef = CB95FABB145B11F70005571B /* bd-icon.png */; };
		CB95FABE145B11F70005571B /* bd-icon@2x.png in Resources */ = {isa = PBXBuildFile; fileRef = CB95FABC145B11F70005571B /* bd-icon@2x.png */; };
		CBDC32C1145B125600AD4D48 /* bd-icon.png in Resources */ = {isa = PBXBuildFile; fileRef = CBDC32C0145B125600AD4D48 /* bd-icon.png */; };
		CBDC32C4145B126300AD4D48 /* bd-icon@2x.png in Resources */ = {isa = PBXBuildFile; fileRef = CBDC32C3145B126300AD4D48 /* bd-icon@2x.png */; };
/* End PBXBuildFile section */

/* Begin PBXFileReference section */
		6E003A751448AE89003908C2 /* BDLinkedNoteAssociation.h */ = {isa = PBXFileReference; fileEncoding = 4; lastKnownFileType = sourcecode.c.h; path = BDLinkedNoteAssociation.h; sourceTree = "<group>"; };
		6E003A761448AE89003908C2 /* BDLinkedNoteAssociation.m */ = {isa = PBXFileReference; fileEncoding = 4; lastKnownFileType = sourcecode.c.objc; path = BDLinkedNoteAssociation.m; sourceTree = "<group>"; };
		6E0EFD0D1450B8A9007F764D /* DetailView.h */ = {isa = PBXFileReference; fileEncoding = 4; lastKnownFileType = sourcecode.c.h; path = DetailView.h; sourceTree = "<group>"; };
		6E0EFD0E1450B8A9007F764D /* DetailView.m */ = {isa = PBXFileReference; fileEncoding = 4; lastKnownFileType = sourcecode.c.objc; path = DetailView.m; sourceTree = "<group>"; };
		6E0EFD0F1450B8AA007F764D /* DetailView~iphone.xib */ = {isa = PBXFileReference; fileEncoding = 4; lastKnownFileType = file.xib; path = "DetailView~iphone.xib"; sourceTree = "<group>"; };
		6E214E6A1450723100FE8C4F /* en */ = {isa = PBXFileReference; lastKnownFileType = file.xib; name = en; path = en.lproj/RootViewController.xib; sourceTree = "<group>"; };
		6E214E811450881000FE8C4F /* PresentationListView.h */ = {isa = PBXFileReference; fileEncoding = 4; lastKnownFileType = sourcecode.c.h; path = PresentationListView.h; sourceTree = "<group>"; };
		6E214E821450881100FE8C4F /* PresentationListView.m */ = {isa = PBXFileReference; fileEncoding = 4; lastKnownFileType = sourcecode.c.objc; path = PresentationListView.m; sourceTree = "<group>"; };
		6E2EA333142B95DC00908103 /* S3RequestDelegate.h */ = {isa = PBXFileReference; fileEncoding = 4; lastKnownFileType = sourcecode.c.h; path = S3RequestDelegate.h; sourceTree = "<group>"; };
		6E2EA334142B95DC00908103 /* S3RequestDelegate.m */ = {isa = PBXFileReference; fileEncoding = 4; lastKnownFileType = sourcecode.c.objc; path = S3RequestDelegate.m; sourceTree = "<group>"; };
		6E2EA335142B95DC00908103 /* SdbRequestDelegate.h */ = {isa = PBXFileReference; fileEncoding = 4; lastKnownFileType = sourcecode.c.h; path = SdbRequestDelegate.h; sourceTree = "<group>"; };
		6E2EA336142B95DC00908103 /* SdbRequestDelegate.m */ = {isa = PBXFileReference; fileEncoding = 4; lastKnownFileType = sourcecode.c.objc; path = SdbRequestDelegate.m; sourceTree = "<group>"; };
		6E2EA339142B95F600908103 /* sample.html */ = {isa = PBXFileReference; fileEncoding = 4; lastKnownFileType = text.html; path = sample.html; sourceTree = "<group>"; };
		6E2EA33B142B967A00908103 /* RepositoryConstants.h */ = {isa = PBXFileReference; fileEncoding = 4; lastKnownFileType = sourcecode.c.h; path = RepositoryConstants.h; sourceTree = "<group>"; };
		6E2EA33C142B967A00908103 /* RepositoryConstants.m */ = {isa = PBXFileReference; fileEncoding = 4; lastKnownFileType = sourcecode.c.objc; path = RepositoryConstants.m; sourceTree = "<group>"; };
		6E2EA33D142B967A00908103 /* RepositoryHandler.h */ = {isa = PBXFileReference; fileEncoding = 4; lastKnownFileType = sourcecode.c.h; path = RepositoryHandler.h; sourceTree = "<group>"; };
		6E2EA33E142B967A00908103 /* RepositoryHandler.m */ = {isa = PBXFileReference; fileEncoding = 4; lastKnownFileType = sourcecode.c.objc; path = RepositoryHandler.m; sourceTree = "<group>"; };
		6E2EA341142B9DF200908103 /* BDLinkedNote.h */ = {isa = PBXFileReference; fileEncoding = 4; lastKnownFileType = sourcecode.c.h; path = BDLinkedNote.h; sourceTree = "<group>"; };
		6E2EA342142B9DF200908103 /* BDLinkedNote.m */ = {isa = PBXFileReference; fileEncoding = 4; lastKnownFileType = sourcecode.c.objc; path = BDLinkedNote.m; sourceTree = "<group>"; };
		6E2EA343142B9DF200908103 /* BDSection.h */ = {isa = PBXFileReference; fileEncoding = 4; lastKnownFileType = sourcecode.c.h; path = BDSection.h; sourceTree = "<group>"; };
		6E2EA344142B9DF200908103 /* BDSection.m */ = {isa = PBXFileReference; fileEncoding = 4; lastKnownFileType = sourcecode.c.objc; path = BDSection.m; sourceTree = "<group>"; };
		6E2EA345142B9DF200908103 /* BDSubcategory.h */ = {isa = PBXFileReference; fileEncoding = 4; lastKnownFileType = sourcecode.c.h; path = BDSubcategory.h; sourceTree = "<group>"; };
		6E2EA346142B9DF200908103 /* BDSubcategory.m */ = {isa = PBXFileReference; fileEncoding = 4; lastKnownFileType = sourcecode.c.objc; path = BDSubcategory.m; sourceTree = "<group>"; };
		6E2EA34A142B9E0500908103 /* BDCategory.h */ = {isa = PBXFileReference; fileEncoding = 4; lastKnownFileType = sourcecode.c.h; path = BDCategory.h; sourceTree = "<group>"; };
		6E2EA34B142B9E0500908103 /* BDCategory.m */ = {isa = PBXFileReference; fileEncoding = 4; lastKnownFileType = sourcecode.c.objc; path = BDCategory.m; sourceTree = "<group>"; };
		6E2EA34D142B9E3B00908103 /* DataController.h */ = {isa = PBXFileReference; fileEncoding = 4; lastKnownFileType = sourcecode.c.h; path = DataController.h; sourceTree = "<group>"; };
		6E2EA34E142B9E3B00908103 /* DataController.m */ = {isa = PBXFileReference; fileEncoding = 4; lastKnownFileType = sourcecode.c.objc; path = DataController.m; sourceTree = "<group>"; };
		6E2EA350142B9EB700908103 /* BDQueueEntry.h */ = {isa = PBXFileReference; fileEncoding = 4; lastKnownFileType = sourcecode.c.h; path = BDQueueEntry.h; sourceTree = "<group>"; };
		6E2EA351142B9EB700908103 /* BDQueueEntry.m */ = {isa = PBXFileReference; fileEncoding = 4; lastKnownFileType = sourcecode.c.objc; path = BDQueueEntry.m; sourceTree = "<group>"; };
		6E2EA353142B9F9300908103 /* NSString+UUID.h */ = {isa = PBXFileReference; fileEncoding = 4; lastKnownFileType = sourcecode.c.h; path = "NSString+UUID.h"; sourceTree = "<group>"; };
		6E2EA354142B9F9300908103 /* NSString+UUID.m */ = {isa = PBXFileReference; fileEncoding = 4; lastKnownFileType = sourcecode.c.objc; path = "NSString+UUID.m"; sourceTree = "<group>"; };
		6E2EA355142B9F9300908103 /* ProjectConstants.h */ = {isa = PBXFileReference; fileEncoding = 4; lastKnownFileType = sourcecode.c.h; path = ProjectConstants.h; sourceTree = "<group>"; };
		6E2EA356142B9F9300908103 /* ProjectConstants.m */ = {isa = PBXFileReference; fileEncoding = 4; lastKnownFileType = sourcecode.c.objc; path = ProjectConstants.m; sourceTree = "<group>"; };
		6E2EA357142B9F9300908103 /* Utility.h */ = {isa = PBXFileReference; fileEncoding = 4; lastKnownFileType = sourcecode.c.h; path = Utility.h; sourceTree = "<group>"; };
		6E2EA358142B9F9300908103 /* Utility.m */ = {isa = PBXFileReference; fileEncoding = 4; lastKnownFileType = sourcecode.c.objc; path = Utility.m; sourceTree = "<group>"; };
		6E2EA35E142BA0F800908103 /* AWSiOSSDK.framework */ = {isa = PBXFileReference; lastKnownFileType = wrapper.framework; name = AWSiOSSDK.framework; path = "../thirdParty/aws-ios-sdk-0.2.3/AWSiOSSDK.framework"; sourceTree = "<group>"; };
		6E3140A8145B5A48002A8049 /* PresentationListView~iphone.xib */ = {isa = PBXFileReference; fileEncoding = 4; lastKnownFileType = file.xib; path = "PresentationListView~iphone.xib"; sourceTree = "<group>"; };
		6E3140AA145B5D89002A8049 /* ChapterListView.xib */ = {isa = PBXFileReference; fileEncoding = 4; lastKnownFileType = file.xib; path = ChapterListView.xib; sourceTree = "<group>"; };
		6E49B03F143CC81900E32F3F /* BDPathogenGroup.h */ = {isa = PBXFileReference; fileEncoding = 4; lastKnownFileType = sourcecode.c.h; path = BDPathogenGroup.h; sourceTree = "<group>"; };
		6E49B040143CC81900E32F3F /* BDPathogenGroup.m */ = {isa = PBXFileReference; fileEncoding = 4; lastKnownFileType = sourcecode.c.objc; path = BDPathogenGroup.m; sourceTree = "<group>"; };
		6E511FD9144F25BD00BB47C9 /* ChapterListView.h */ = {isa = PBXFileReference; fileEncoding = 4; lastKnownFileType = sourcecode.c.h; path = ChapterListView.h; sourceTree = "<group>"; };
		6E511FDA144F25BD00BB47C9 /* ChapterListView.m */ = {isa = PBXFileReference; fileEncoding = 4; lastKnownFileType = sourcecode.c.objc; path = ChapterListView.m; sourceTree = "<group>"; };
		6E511FDB144F25BD00BB47C9 /* ChapterListView~iphone.xib */ = {isa = PBXFileReference; fileEncoding = 4; lastKnownFileType = file.xib; path = "ChapterListView~iphone.xib"; sourceTree = "<group>"; };
		6E511FDE144F2FC300BB47C9 /* SectionListView.h */ = {isa = PBXFileReference; fileEncoding = 4; lastKnownFileType = sourcecode.c.h; path = SectionListView.h; sourceTree = "<group>"; };
		6E511FDF144F2FC300BB47C9 /* SectionListView.m */ = {isa = PBXFileReference; fileEncoding = 4; lastKnownFileType = sourcecode.c.objc; path = SectionListView.m; sourceTree = "<group>"; };
		6E511FE0144F2FC300BB47C9 /* SectionListView~iphone.xib */ = {isa = PBXFileReference; fileEncoding = 4; lastKnownFileType = file.xib; path = "SectionListView~iphone.xib"; sourceTree = "<group>"; };
		6E511FE3144F38C800BB47C9 /* CategoryListView.h */ = {isa = PBXFileReference; fileEncoding = 4; lastKnownFileType = sourcecode.c.h; path = CategoryListView.h; sourceTree = "<group>"; };
		6E511FE4144F38C800BB47C9 /* CategoryListView.m */ = {isa = PBXFileReference; fileEncoding = 4; lastKnownFileType = sourcecode.c.objc; path = CategoryListView.m; sourceTree = "<group>"; };
		6E511FE5144F38C800BB47C9 /* CategoryListView~iphone.xib */ = {isa = PBXFileReference; fileEncoding = 4; lastKnownFileType = file.xib; path = "CategoryListView~iphone.xib"; sourceTree = "<group>"; };
		6E511FE8144F3AB100BB47C9 /* DiseaseListView.h */ = {isa = PBXFileReference; fileEncoding = 4; lastKnownFileType = sourcecode.c.h; path = DiseaseListView.h; sourceTree = "<group>"; };
		6E511FE9144F3AB100BB47C9 /* DiseaseListView.m */ = {isa = PBXFileReference; fileEncoding = 4; lastKnownFileType = sourcecode.c.objc; path = DiseaseListView.m; sourceTree = "<group>"; };
		6E511FEA144F3AB200BB47C9 /* DiseaseListView~iphone.xib */ = {isa = PBXFileReference; fileEncoding = 4; lastKnownFileType = file.xib; path = "DiseaseListView~iphone.xib"; sourceTree = "<group>"; };
		6E8ED862144E26A0002247E5 /* BDChapter.h */ = {isa = PBXFileReference; fileEncoding = 4; lastKnownFileType = sourcecode.c.h; path = BDChapter.h; sourceTree = "<group>"; };
		6E8ED863144E26A0002247E5 /* BDChapter.m */ = {isa = PBXFileReference; fileEncoding = 4; lastKnownFileType = sourcecode.c.objc; path = BDChapter.m; sourceTree = "<group>"; };
		6E9685C1142BBE15004C5DED /* BDViewer.xcdatamodel */ = {isa = PBXFileReference; lastKnownFileType = wrapper.xcdatamodel; path = BDViewer.xcdatamodel; sourceTree = "<group>"; };
		6EA646C11430C2F000A693A4 /* BDDisease.h */ = {isa = PBXFileReference; fileEncoding = 4; lastKnownFileType = sourcecode.c.h; path = BDDisease.h; sourceTree = "<group>"; };
		6EA646C21430C2F000A693A4 /* BDDisease.m */ = {isa = PBXFileReference; fileEncoding = 4; lastKnownFileType = sourcecode.c.objc; path = BDDisease.m; sourceTree = "<group>"; };
		6EA646C51430C33700A693A4 /* BDPresentation.h */ = {isa = PBXFileReference; fileEncoding = 4; lastKnownFileType = sourcecode.c.h; path = BDPresentation.h; sourceTree = "<group>"; };
		6EA646C61430C33700A693A4 /* BDPresentation.m */ = {isa = PBXFileReference; fileEncoding = 4; lastKnownFileType = sourcecode.c.objc; path = BDPresentation.m; sourceTree = "<group>"; };
		6EA646C81430C36500A693A4 /* BDPathogen.h */ = {isa = PBXFileReference; fileEncoding = 4; lastKnownFileType = sourcecode.c.h; path = BDPathogen.h; sourceTree = "<group>"; };
		6EA646C91430C36500A693A4 /* BDPathogen.m */ = {isa = PBXFileReference; fileEncoding = 4; lastKnownFileType = sourcecode.c.objc; path = BDPathogen.m; sourceTree = "<group>"; };
		6EA646CB1430C3A400A693A4 /* BDTherapyGroup.h */ = {isa = PBXFileReference; fileEncoding = 4; lastKnownFileType = sourcecode.c.h; path = BDTherapyGroup.h; sourceTree = "<group>"; };
		6EA646CC1430C3A400A693A4 /* BDTherapyGroup.m */ = {isa = PBXFileReference; fileEncoding = 4; lastKnownFileType = sourcecode.c.objc; path = BDTherapyGroup.m; sourceTree = "<group>"; };
		6EA646CE1430C3D700A693A4 /* BDTherapy.h */ = {isa = PBXFileReference; fileEncoding = 4; lastKnownFileType = sourcecode.c.h; path = BDTherapy.h; sourceTree = "<group>"; };
		6EA646CF1430C3D700A693A4 /* BDTherapy.m */ = {isa = PBXFileReference; fileEncoding = 4; lastKnownFileType = sourcecode.c.objc; path = BDTherapy.m; sourceTree = "<group>"; };
		6EC50000142AA6BA003232D1 /* UIKit.framework */ = {isa = PBXFileReference; lastKnownFileType = wrapper.framework; name = UIKit.framework; path = System/Library/Frameworks/UIKit.framework; sourceTree = SDKROOT; };
		6EC50002142AA6BA003232D1 /* Foundation.framework */ = {isa = PBXFileReference; lastKnownFileType = wrapper.framework; name = Foundation.framework; path = System/Library/Frameworks/Foundation.framework; sourceTree = SDKROOT; };
		6EC50004142AA6BA003232D1 /* CoreGraphics.framework */ = {isa = PBXFileReference; lastKnownFileType = wrapper.framework; name = CoreGraphics.framework; path = System/Library/Frameworks/CoreGraphics.framework; sourceTree = SDKROOT; };
		6EC50006142AA6BA003232D1 /* CoreData.framework */ = {isa = PBXFileReference; lastKnownFileType = wrapper.framework; name = CoreData.framework; path = System/Library/Frameworks/CoreData.framework; sourceTree = SDKROOT; };
		6EC5000A142AA6BA003232D1 /* BDViewer-Info.plist */ = {isa = PBXFileReference; lastKnownFileType = text.plist.xml; path = "BDViewer-Info.plist"; sourceTree = "<group>"; };
		6EC5000C142AA6BA003232D1 /* en */ = {isa = PBXFileReference; lastKnownFileType = text.plist.strings; name = en; path = en.lproj/InfoPlist.strings; sourceTree = "<group>"; };
		6EC5000E142AA6BA003232D1 /* main.m */ = {isa = PBXFileReference; lastKnownFileType = sourcecode.c.objc; path = main.m; sourceTree = "<group>"; };
		6EC50010142AA6BA003232D1 /* BDViewer-Prefix.pch */ = {isa = PBXFileReference; lastKnownFileType = sourcecode.c.h; path = "BDViewer-Prefix.pch"; sourceTree = "<group>"; };
		6EC50011142AA6BA003232D1 /* BDViewerAppDelegate.h */ = {isa = PBXFileReference; lastKnownFileType = sourcecode.c.h; path = BDViewerAppDelegate.h; sourceTree = "<group>"; };
		6EC50012142AA6BA003232D1 /* BDViewerAppDelegate.m */ = {isa = PBXFileReference; lastKnownFileType = sourcecode.c.objc; path = BDViewerAppDelegate.m; sourceTree = "<group>"; };
		6EC5001A142AA6BA003232D1 /* RootViewController.h */ = {isa = PBXFileReference; lastKnownFileType = sourcecode.c.h; path = RootViewController.h; sourceTree = "<group>"; };
		6EC5001B142AA6BA003232D1 /* RootViewController.m */ = {isa = PBXFileReference; lastKnownFileType = sourcecode.c.objc; path = RootViewController.m; sourceTree = "<group>"; };
		6EC5FFFC142AA6BA003232D1 /* BDViewer.app */ = {isa = PBXFileReference; explicitFileType = wrapper.application; includeInIndex = 0; path = BDViewer.app; sourceTree = BUILT_PRODUCTS_DIR; };
		6ECA702E142CDB0B00C54BA7 /* RootViewController~iphone.xib */ = {isa = PBXFileReference; fileEncoding = 4; lastKnownFileType = file.xib; name = "RootViewController~iphone.xib"; path = "en.lproj/RootViewController~iphone.xib"; sourceTree = "<group>"; };
		6ECA7048142D3C4800C54BA7 /* en */ = {isa = PBXFileReference; lastKnownFileType = file.xib; name = en; path = en.lproj/MainWindow_iPad.xib; sourceTree = "<group>"; };
		6ECA704B142D3CDA00C54BA7 /* en */ = {isa = PBXFileReference; lastKnownFileType = file.xib; name = en; path = en.lproj/MainWindow_iPhone.xib; sourceTree = "<group>"; };
		6EE41D1114587CC500F541FC /* bdviewer.css */ = {isa = PBXFileReference; fileEncoding = 4; lastKnownFileType = text.css; path = bdviewer.css; sourceTree = "<group>"; };
		CB5C1F5E14507472007E9A64 /* RepositoryProtocol.h */ = {isa = PBXFileReference; fileEncoding = 4; lastKnownFileType = sourcecode.c.h; path = RepositoryProtocol.h; sourceTree = "<group>"; };
		CB6F1C0C145B1F7F007620DE /* bd-icon114.png */ = {isa = PBXFileReference; lastKnownFileType = image.png; path = "bd-icon114.png"; sourceTree = "<group>"; };
		CB95FABB145B11F70005571B /* bd-icon.png */ = {isa = PBXFileReference; lastKnownFileType = image.png; name = "bd-icon.png"; path = "graphics/bd-icon.png"; sourceTree = "<group>"; };
		CB95FABC145B11F70005571B /* bd-icon@2x.png */ = {isa = PBXFileReference; lastKnownFileType = image.png; name = "bd-icon@2x.png"; path = "graphics/bd-icon@2x.png"; sourceTree = "<group>"; };
		CBDC32C0145B125600AD4D48 /* bd-icon.png */ = {isa = PBXFileReference; lastKnownFileType = image.png; path = "bd-icon.png"; sourceTree = "<group>"; };
		CBDC32C3145B126300AD4D48 /* bd-icon@2x.png */ = {isa = PBXFileReference; lastKnownFileType = image.png; path = "bd-icon@2x.png"; sourceTree = "<group>"; };
/* End PBXFileReference section */

/* Begin PBXFrameworksBuildPhase section */
		6EC5FFF9142AA6BA003232D1 /* Frameworks */ = {
			isa = PBXFrameworksBuildPhase;
			buildActionMask = 2147483647;
			files = (
				6E2EA35F142BA0F800908103 /* AWSiOSSDK.framework in Frameworks */,
				6EC50001142AA6BA003232D1 /* UIKit.framework in Frameworks */,
				6EC50003142AA6BA003232D1 /* Foundation.framework in Frameworks */,
				6EC50005142AA6BA003232D1 /* CoreGraphics.framework in Frameworks */,
				6EC50007142AA6BA003232D1 /* CoreData.framework in Frameworks */,
			);
			runOnlyForDeploymentPostprocessing = 0;
		};
/* End PBXFrameworksBuildPhase section */

/* Begin PBXGroup section */
		6E2EA328142B919100908103 /* Third Party */ = {
			isa = PBXGroup;
			children = (
				6E2EA32D142B948800908103 /* AWS */,
			);
			name = "Third Party";
			sourceTree = "<group>";
		};
		6E2EA32A142B919F00908103 /* Embedded Files */ = {
			isa = PBXGroup;
			children = (
				6EE41D1114587CC500F541FC /* bdviewer.css */,
				6E2EA339142B95F600908103 /* sample.html */,
			);
			name = "Embedded Files";
			sourceTree = "<group>";
		};
		6E2EA32B142B91AD00908103 /* Classes */ = {
			isa = PBXGroup;
			children = (
				6E2EA32E142B94A300908103 /* Remote Repository */,
				6E2EA32F142B94B100908103 /* Data Model */,
				6E2EA331142B94D800908103 /* Views */,
				6E2EA330142B94C700908103 /* Other */,
			);
			name = Classes;
			sourceTree = "<group>";
		};
		6E2EA32C142B91C500908103 /* Graphics */ = {
			isa = PBXGroup;
			children = (
				CB95FABB145B11F70005571B /* bd-icon.png */,
				CB95FABC145B11F70005571B /* bd-icon@2x.png */,
			);
			name = Graphics;
			sourceTree = "<group>";
		};
		6E2EA32D142B948800908103 /* AWS */ = {
			isa = PBXGroup;
			children = (
				6E2EA333142B95DC00908103 /* S3RequestDelegate.h */,
				6E2EA334142B95DC00908103 /* S3RequestDelegate.m */,
				6E2EA335142B95DC00908103 /* SdbRequestDelegate.h */,
				6E2EA336142B95DC00908103 /* SdbRequestDelegate.m */,
			);
			name = AWS;
			sourceTree = "<group>";
		};
		6E2EA32E142B94A300908103 /* Remote Repository */ = {
			isa = PBXGroup;
			children = (
				6E2EA33B142B967A00908103 /* RepositoryConstants.h */,
				6E2EA33C142B967A00908103 /* RepositoryConstants.m */,
				6E2EA33D142B967A00908103 /* RepositoryHandler.h */,
				6E2EA33E142B967A00908103 /* RepositoryHandler.m */,
				CB5C1F5E14507472007E9A64 /* RepositoryProtocol.h */,
			);
			name = "Remote Repository";
			sourceTree = "<group>";
		};
		6E2EA32F142B94B100908103 /* Data Model */ = {
			isa = PBXGroup;
			children = (
				6E9685C0142BBE15004C5DED /* BDViewer.xcdatamodeld */,
				6E2EA34D142B9E3B00908103 /* DataController.h */,
				6E2EA34E142B9E3B00908103 /* DataController.m */,
				6E2EA34A142B9E0500908103 /* BDCategory.h */,
				6E2EA34B142B9E0500908103 /* BDCategory.m */,
				6E8ED862144E26A0002247E5 /* BDChapter.h */,
				6E8ED863144E26A0002247E5 /* BDChapter.m */,
				6EA646C11430C2F000A693A4 /* BDDisease.h */,
				6EA646C21430C2F000A693A4 /* BDDisease.m */,
				6E003A751448AE89003908C2 /* BDLinkedNoteAssociation.h */,
				6E003A761448AE89003908C2 /* BDLinkedNoteAssociation.m */,
				6E2EA341142B9DF200908103 /* BDLinkedNote.h */,
				6E2EA342142B9DF200908103 /* BDLinkedNote.m */,
				6EA646C81430C36500A693A4 /* BDPathogen.h */,
				6EA646C91430C36500A693A4 /* BDPathogen.m */,
				6E49B03F143CC81900E32F3F /* BDPathogenGroup.h */,
				6E49B040143CC81900E32F3F /* BDPathogenGroup.m */,
				6EA646C51430C33700A693A4 /* BDPresentation.h */,
				6EA646C61430C33700A693A4 /* BDPresentation.m */,
				6E2EA350142B9EB700908103 /* BDQueueEntry.h */,
				6E2EA351142B9EB700908103 /* BDQueueEntry.m */,
				6E2EA343142B9DF200908103 /* BDSection.h */,
				6E2EA344142B9DF200908103 /* BDSection.m */,
				6E2EA345142B9DF200908103 /* BDSubcategory.h */,
				6E2EA346142B9DF200908103 /* BDSubcategory.m */,
				6EA646CE1430C3D700A693A4 /* BDTherapy.h */,
				6EA646CF1430C3D700A693A4 /* BDTherapy.m */,
				6EA646CB1430C3A400A693A4 /* BDTherapyGroup.h */,
				6EA646CC1430C3A400A693A4 /* BDTherapyGroup.m */,
			);
			name = "Data Model";
			sourceTree = "<group>";
		};
		6E2EA330142B94C700908103 /* Other */ = {
			isa = PBXGroup;
			children = (
				6E2EA353142B9F9300908103 /* NSString+UUID.h */,
				6E2EA354142B9F9300908103 /* NSString+UUID.m */,
				6E2EA355142B9F9300908103 /* ProjectConstants.h */,
				6E2EA356142B9F9300908103 /* ProjectConstants.m */,
				6E2EA357142B9F9300908103 /* Utility.h */,
				6E2EA358142B9F9300908103 /* Utility.m */,
			);
			name = Other;
			sourceTree = "<group>";
		};
		6E2EA331142B94D800908103 /* Views */ = {
			isa = PBXGroup;
			children = (
				6ECA704A142D3CDA00C54BA7 /* MainWindow_iPhone.xib */,
				6ECA7047142D3C4800C54BA7 /* MainWindow_iPad.xib */,
				6EC5001A142AA6BA003232D1 /* RootViewController.h */,
				6EC5001B142AA6BA003232D1 /* RootViewController.m */,
				6E214E691450723100FE8C4F /* RootViewController.xib */,
				6ECA702E142CDB0B00C54BA7 /* RootViewController~iphone.xib */,
				6E511FD9144F25BD00BB47C9 /* ChapterListView.h */,
				6E511FDA144F25BD00BB47C9 /* ChapterListView.m */,
				6E511FDB144F25BD00BB47C9 /* ChapterListView~iphone.xib */,
				6E3140AA145B5D89002A8049 /* ChapterListView.xib */,
				6E511FDE144F2FC300BB47C9 /* SectionListView.h */,
				6E511FDF144F2FC300BB47C9 /* SectionListView.m */,
				6E511FE0144F2FC300BB47C9 /* SectionListView~iphone.xib */,
				6E511FE3144F38C800BB47C9 /* CategoryListView.h */,
				6E511FE4144F38C800BB47C9 /* CategoryListView.m */,
				6E511FE5144F38C800BB47C9 /* CategoryListView~iphone.xib */,
				6E511FE8144F3AB100BB47C9 /* DiseaseListView.h */,
				6E511FE9144F3AB100BB47C9 /* DiseaseListView.m */,
				6E511FEA144F3AB200BB47C9 /* DiseaseListView~iphone.xib */,
				6E214E811450881000FE8C4F /* PresentationListView.h */,
				6E214E821450881100FE8C4F /* PresentationListView.m */,
				6E3140A8145B5A48002A8049 /* PresentationListView~iphone.xib */,
				6E0EFD0D1450B8A9007F764D /* DetailView.h */,
				6E0EFD0E1450B8A9007F764D /* DetailView.m */,
				6E0EFD0F1450B8AA007F764D /* DetailView~iphone.xib */,
			);
			name = Views;
			sourceTree = "<group>";
		};
		6E2EA332142B94EE00908103 /* App Delegate */ = {
			isa = PBXGroup;
			children = (
				6EC50011142AA6BA003232D1 /* BDViewerAppDelegate.h */,
				6EC50012142AA6BA003232D1 /* BDViewerAppDelegate.m */,
			);
			name = "App Delegate";
			sourceTree = "<group>";
		};
		6EC50008142AA6BA003232D1 /* BDViewer */ = {
			isa = PBXGroup;
			children = (
				6E2EA332142B94EE00908103 /* App Delegate */,
				6E2EA328142B919100908103 /* Third Party */,
				6E2EA32A142B919F00908103 /* Embedded Files */,
				6E2EA32B142B91AD00908103 /* Classes */,
				6E2EA32C142B91C500908103 /* Graphics */,
				6EC50009142AA6BA003232D1 /* Supporting Files */,
			);
			path = BDViewer;
			sourceTree = "<group>";
		};
		6EC50009142AA6BA003232D1 /* Supporting Files */ = {
			isa = PBXGroup;
			children = (
				6EC5000A142AA6BA003232D1 /* BDViewer-Info.plist */,
				6EC5000B142AA6BA003232D1 /* InfoPlist.strings */,
				6EC5000E142AA6BA003232D1 /* main.m */,
				6EC50010142AA6BA003232D1 /* BDViewer-Prefix.pch */,
			);
			name = "Supporting Files";
			sourceTree = "<group>";
		};
		6EC5FFF1142AA6BA003232D1 = {
			isa = PBXGroup;
			children = (
				CB6F1C0C145B1F7F007620DE /* bd-icon114.png */,
				CBDC32C3145B126300AD4D48 /* bd-icon@2x.png */,
				CBDC32C0145B125600AD4D48 /* bd-icon.png */,
				6EC50008142AA6BA003232D1 /* BDViewer */,
				6EC5FFFF142AA6BA003232D1 /* Frameworks */,
				6EC5FFFD142AA6BA003232D1 /* Products */,
			);
			sourceTree = "<group>";
		};
		6EC5FFFD142AA6BA003232D1 /* Products */ = {
			isa = PBXGroup;
			children = (
				6EC5FFFC142AA6BA003232D1 /* BDViewer.app */,
			);
			name = Products;
			sourceTree = "<group>";
		};
		6EC5FFFF142AA6BA003232D1 /* Frameworks */ = {
			isa = PBXGroup;
			children = (
				6E2EA35E142BA0F800908103 /* AWSiOSSDK.framework */,
				6EC50000142AA6BA003232D1 /* UIKit.framework */,
				6EC50002142AA6BA003232D1 /* Foundation.framework */,
				6EC50004142AA6BA003232D1 /* CoreGraphics.framework */,
				6EC50006142AA6BA003232D1 /* CoreData.framework */,
			);
			name = Frameworks;
			sourceTree = "<group>";
		};
/* End PBXGroup section */

/* Begin PBXNativeTarget section */
		6EC5FFFB142AA6BA003232D1 /* BDViewer */ = {
			isa = PBXNativeTarget;
			buildConfigurationList = 6EC50022142AA6BB003232D1 /* Build configuration list for PBXNativeTarget "BDViewer" */;
			buildPhases = (
				6EC5FFF8142AA6BA003232D1 /* Sources */,
				6EC5FFF9142AA6BA003232D1 /* Frameworks */,
				6EC5FFFA142AA6BA003232D1 /* Resources */,
			);
			buildRules = (
			);
			dependencies = (
			);
			name = BDViewer;
			productName = BDViewer;
			productReference = 6EC5FFFC142AA6BA003232D1 /* BDViewer.app */;
			productType = "com.apple.product-type.application";
		};
/* End PBXNativeTarget section */

/* Begin PBXProject section */
		6EC5FFF3142AA6BA003232D1 /* Project object */ = {
			isa = PBXProject;
			attributes = {
				LastUpgradeCheck = 0420;
				ORGANIZATIONNAME = "875953 Alberta, Inc.";
			};
			buildConfigurationList = 6EC5FFF6142AA6BA003232D1 /* Build configuration list for PBXProject "BDViewer" */;
			compatibilityVersion = "Xcode 3.2";
			developmentRegion = English;
			hasScannedForEncodings = 0;
			knownRegions = (
				en,
			);
			mainGroup = 6EC5FFF1142AA6BA003232D1;
			productRefGroup = 6EC5FFFD142AA6BA003232D1 /* Products */;
			projectDirPath = "";
			projectRoot = "";
			targets = (
				6EC5FFFB142AA6BA003232D1 /* BDViewer */,
			);
		};
/* End PBXProject section */

/* Begin PBXResourcesBuildPhase section */
		6EC5FFFA142AA6BA003232D1 /* Resources */ = {
			isa = PBXResourcesBuildPhase;
			buildActionMask = 2147483647;
			files = (
				6EC5000D142AA6BA003232D1 /* InfoPlist.strings in Resources */,
				6E2EA33A142B95F600908103 /* sample.html in Resources */,
				6ECA7030142CDB0B00C54BA7 /* RootViewController~iphone.xib in Resources */,
				6ECA7049142D3C4800C54BA7 /* MainWindow_iPad.xib in Resources */,
				6ECA704C142D3CDA00C54BA7 /* MainWindow_iPhone.xib in Resources */,
				6E511FDD144F25BD00BB47C9 /* ChapterListView~iphone.xib in Resources */,
				6E511FE2144F2FC300BB47C9 /* SectionListView~iphone.xib in Resources */,
				6E511FE7144F38C800BB47C9 /* CategoryListView~iphone.xib in Resources */,
				6E511FEC144F3AB200BB47C9 /* DiseaseListView~iphone.xib in Resources */,
				6E214E6B1450723100FE8C4F /* RootViewController.xib in Resources */,
				6E0EFD111450B8AA007F764D /* DetailView~iphone.xib in Resources */,
				6EE41D1214587CC500F541FC /* bdviewer.css in Resources */,
				CB95FABD145B11F70005571B /* bd-icon.png in Resources */,
				CB95FABE145B11F70005571B /* bd-icon@2x.png in Resources */,
				CBDC32C1145B125600AD4D48 /* bd-icon.png in Resources */,
				CBDC32C4145B126300AD4D48 /* bd-icon@2x.png in Resources */,
				CB6F1C0D145B1F7F007620DE /* bd-icon114.png in Resources */,
				6E3140A9145B5A48002A8049 /* PresentationListView~iphone.xib in Resources */,
				6E3140AB145B5D8A002A8049 /* ChapterListView.xib in Resources */,
			);
			runOnlyForDeploymentPostprocessing = 0;
		};
/* End PBXResourcesBuildPhase section */

/* Begin PBXSourcesBuildPhase section */
		6EC5FFF8142AA6BA003232D1 /* Sources */ = {
			isa = PBXSourcesBuildPhase;
			buildActionMask = 2147483647;
			files = (
				6EC5000F142AA6BA003232D1 /* main.m in Sources */,
				6EC50013142AA6BA003232D1 /* BDViewerAppDelegate.m in Sources */,
				6EC5001C142AA6BA003232D1 /* RootViewController.m in Sources */,
				6E2EA337142B95DC00908103 /* S3RequestDelegate.m in Sources */,
				6E2EA338142B95DC00908103 /* SdbRequestDelegate.m in Sources */,
				6E2EA33F142B967A00908103 /* RepositoryConstants.m in Sources */,
				6E2EA340142B967A00908103 /* RepositoryHandler.m in Sources */,
				6E2EA347142B9DF200908103 /* BDLinkedNote.m in Sources */,
				6E2EA348142B9DF200908103 /* BDSection.m in Sources */,
				6E2EA349142B9DF200908103 /* BDSubcategory.m in Sources */,
				6E2EA34C142B9E0500908103 /* BDCategory.m in Sources */,
				6E2EA34F142B9E3B00908103 /* DataController.m in Sources */,
				6E2EA352142B9EB700908103 /* BDQueueEntry.m in Sources */,
				6E2EA359142B9F9300908103 /* NSString+UUID.m in Sources */,
				6E2EA35A142B9F9300908103 /* ProjectConstants.m in Sources */,
				6E2EA35B142B9F9300908103 /* Utility.m in Sources */,
				6E9685C2142BBE15004C5DED /* BDViewer.xcdatamodeld in Sources */,
				6EA646C31430C2F000A693A4 /* BDDisease.m in Sources */,
				6EA646C71430C33700A693A4 /* BDPresentation.m in Sources */,
				6EA646CA1430C36500A693A4 /* BDPathogen.m in Sources */,
				6EA646CD1430C3A400A693A4 /* BDTherapyGroup.m in Sources */,
				6EA646D01430C3D700A693A4 /* BDTherapy.m in Sources */,
				6E49B041143CC81900E32F3F /* BDPathogenGroup.m in Sources */,
				6E003A771448AE89003908C2 /* BDLinkedNoteAssociation.m in Sources */,
				6E8ED864144E26A0002247E5 /* BDChapter.m in Sources */,
				6E511FDC144F25BD00BB47C9 /* ChapterListView.m in Sources */,
				6E511FE1144F2FC300BB47C9 /* SectionListView.m in Sources */,
				6E511FE6144F38C800BB47C9 /* CategoryListView.m in Sources */,
				6E511FEB144F3AB200BB47C9 /* DiseaseListView.m in Sources */,
				6E214E841450881200FE8C4F /* PresentationListView.m in Sources */,
				6E0EFD101450B8AA007F764D /* DetailView.m in Sources */,
			);
			runOnlyForDeploymentPostprocessing = 0;
		};
/* End PBXSourcesBuildPhase section */

/* Begin PBXVariantGroup section */
		6E214E691450723100FE8C4F /* RootViewController.xib */ = {
			isa = PBXVariantGroup;
			children = (
				6E214E6A1450723100FE8C4F /* en */,
			);
			name = RootViewController.xib;
			sourceTree = "<group>";
		};
		6EC5000B142AA6BA003232D1 /* InfoPlist.strings */ = {
			isa = PBXVariantGroup;
			children = (
				6EC5000C142AA6BA003232D1 /* en */,
			);
			name = InfoPlist.strings;
			sourceTree = "<group>";
		};
		6ECA7047142D3C4800C54BA7 /* MainWindow_iPad.xib */ = {
			isa = PBXVariantGroup;
			children = (
				6ECA7048142D3C4800C54BA7 /* en */,
			);
			name = MainWindow_iPad.xib;
			sourceTree = "<group>";
		};
		6ECA704A142D3CDA00C54BA7 /* MainWindow_iPhone.xib */ = {
			isa = PBXVariantGroup;
			children = (
				6ECA704B142D3CDA00C54BA7 /* en */,
			);
			name = MainWindow_iPhone.xib;
			sourceTree = "<group>";
		};
/* End PBXVariantGroup section */

/* Begin XCBuildConfiguration section */
		6EC50020142AA6BB003232D1 /* Debug */ = {
			isa = XCBuildConfiguration;
			buildSettings = {
				ALWAYS_SEARCH_USER_PATHS = NO;
				ARCHS = "$(ARCHS_STANDARD_32_BIT)";
				CODE_SIGN_IDENTITY = "iPhone Developer: Karl Schulze (PKD77ZK2K5)";
				"CODE_SIGN_IDENTITY[sdk=iphoneos*]" = "iPhone Developer: Karl Schulze (PKD77ZK2K5)";
				COPY_PHASE_STRIP = NO;
				EXCLUDED_RECURSIVE_SEARCH_PATH_SUBDIRECTORIES = "*.nib *.lproj *.gch *.xcode* (*) CVS .svn .git";
				FRAMEWORK_SEARCH_PATHS = "\"$(SRCROOT)/../thirdParty\"/**";
				GCC_C_LANGUAGE_STANDARD = gnu99;
				GCC_DYNAMIC_NO_PIC = NO;
				GCC_OPTIMIZATION_LEVEL = 0;
				GCC_PREPROCESSOR_DEFINITIONS = (
					"DEBUG=1",
					"$(inherited)",
				);
				GCC_SYMBOLS_PRIVATE_EXTERN = NO;
				GCC_VERSION = com.apple.compilers.llvmgcc42;
				GCC_WARN_ABOUT_MISSING_PROTOTYPES = YES;
				GCC_WARN_ABOUT_RETURN_TYPE = YES;
				GCC_WARN_UNUSED_VARIABLE = YES;
				HEADER_SEARCH_PATHS = "\"$(SRCROOT)/../thirdParty\"/**";
				IPHONEOS_DEPLOYMENT_TARGET = 4.3;
				LIBRARY_SEARCH_PATHS = "\"$(SRCROOT)/../thirdParty\"/**";
				PROVISIONING_PROFILE = "00D73C0F-E845-4DAB-9449-3C53D475A386";
				"PROVISIONING_PROFILE[sdk=iphoneos*]" = "00D73C0F-E845-4DAB-9449-3C53D475A386";
				SDKROOT = iphoneos;
			};
			name = Debug;
		};
		6EC50021142AA6BB003232D1 /* Release */ = {
			isa = XCBuildConfiguration;
			buildSettings = {
				ALWAYS_SEARCH_USER_PATHS = NO;
				ARCHS = "$(ARCHS_STANDARD_32_BIT)";
				CODE_SIGN_IDENTITY = "iPhone Developer: Karl Schulze (PKD77ZK2K5)";
				"CODE_SIGN_IDENTITY[sdk=iphoneos*]" = "iPhone Developer: Karl Schulze (PKD77ZK2K5)";
				COPY_PHASE_STRIP = YES;
				EXCLUDED_RECURSIVE_SEARCH_PATH_SUBDIRECTORIES = "*.nib *.lproj *.gch *.xcode* (*) CVS .svn .git";
				FRAMEWORK_SEARCH_PATHS = "\"$(SRCROOT)/../thirdParty\"/**";
				GCC_C_LANGUAGE_STANDARD = gnu99;
				GCC_VERSION = com.apple.compilers.llvmgcc42;
				GCC_WARN_ABOUT_MISSING_PROTOTYPES = YES;
				GCC_WARN_ABOUT_RETURN_TYPE = YES;
				GCC_WARN_UNUSED_VARIABLE = YES;
				HEADER_SEARCH_PATHS = "\"$(SRCROOT)/../thirdParty\"/**";
				IPHONEOS_DEPLOYMENT_TARGET = 4.3;
				LIBRARY_SEARCH_PATHS = "\"$(SRCROOT)/../thirdParty\"/**";
				OTHER_CFLAGS = "-DNS_BLOCK_ASSERTIONS=1";
				PROVISIONING_PROFILE = "00D73C0F-E845-4DAB-9449-3C53D475A386";
				"PROVISIONING_PROFILE[sdk=iphoneos*]" = "00D73C0F-E845-4DAB-9449-3C53D475A386";
				SDKROOT = iphoneos;
				VALIDATE_PRODUCT = YES;
			};
			name = Release;
		};
		6EC50023142AA6BB003232D1 /* Debug */ = {
			isa = XCBuildConfiguration;
			buildSettings = {
				FRAMEWORK_SEARCH_PATHS = (
					"$(inherited)",
					"\"$(SRCROOT)/../thirdParty/aws-ios-sdk-0.2.3\"",
				);
				GCC_PRECOMPILE_PREFIX_HEADER = YES;
				GCC_PREFIX_HEADER = "BDViewer/BDViewer-Prefix.pch";
				GCC_VERSION = com.apple.compilers.llvm.clang.1_0;
				INFOPLIST_FILE = "BDViewer/BDViewer-Info.plist";
				IPHONEOS_DEPLOYMENT_TARGET = 4.3;
				LIBRARY_SEARCH_PATHS = (
					"$(inherited)",
					"\"$(SRCROOT)/../thirdParty/aws-ios-sdk-0.2.3/AWSiOSSDK.framework/Versions/A\"",
				);
				PRODUCT_NAME = "$(TARGET_NAME)";
				TARGETED_DEVICE_FAMILY = "1,2";
				WRAPPER_EXTENSION = app;
			};
			name = Debug;
		};
		6EC50024142AA6BB003232D1 /* Release */ = {
			isa = XCBuildConfiguration;
			buildSettings = {
				FRAMEWORK_SEARCH_PATHS = (
					"$(inherited)",
					"\"$(SRCROOT)/../thirdParty/aws-ios-sdk-0.2.3\"",
				);
				GCC_PRECOMPILE_PREFIX_HEADER = YES;
				GCC_PREFIX_HEADER = "BDViewer/BDViewer-Prefix.pch";
				GCC_VERSION = com.apple.compilers.llvm.clang.1_0;
				INFOPLIST_FILE = "BDViewer/BDViewer-Info.plist";
				IPHONEOS_DEPLOYMENT_TARGET = 4.3;
				LIBRARY_SEARCH_PATHS = (
					"$(inherited)",
					"\"$(SRCROOT)/../thirdParty/aws-ios-sdk-0.2.3/AWSiOSSDK.framework/Versions/A\"",
				);
				PRODUCT_NAME = "$(TARGET_NAME)";
				TARGETED_DEVICE_FAMILY = "1,2";
				WRAPPER_EXTENSION = app;
			};
			name = Release;
		};
/* End XCBuildConfiguration section */

/* Begin XCConfigurationList section */
		6EC50022142AA6BB003232D1 /* Build configuration list for PBXNativeTarget "BDViewer" */ = {
			isa = XCConfigurationList;
			buildConfigurations = (
				6EC50023142AA6BB003232D1 /* Debug */,
				6EC50024142AA6BB003232D1 /* Release */,
			);
			defaultConfigurationIsVisible = 0;
			defaultConfigurationName = Release;
		};
		6EC5FFF6142AA6BA003232D1 /* Build configuration list for PBXProject "BDViewer" */ = {
			isa = XCConfigurationList;
			buildConfigurations = (
				6EC50020142AA6BB003232D1 /* Debug */,
				6EC50021142AA6BB003232D1 /* Release */,
			);
			defaultConfigurationIsVisible = 0;
			defaultConfigurationName = Release;
		};
/* End XCConfigurationList section */

/* Begin XCVersionGroup section */
		6E9685C0142BBE15004C5DED /* BDViewer.xcdatamodeld */ = {
			isa = XCVersionGroup;
			children = (
				6E9685C1142BBE15004C5DED /* BDViewer.xcdatamodel */,
			);
			currentVersion = 6E9685C1142BBE15004C5DED /* BDViewer.xcdatamodel */;
			path = BDViewer.xcdatamodeld;
			sourceTree = "<group>";
			versionGroupType = wrapper.xcdatamodel;
		};
/* End XCVersionGroup section */
	};
	rootObject = 6EC5FFF3142AA6BA003232D1 /* Project object */;
}
