// !$*UTF8*$!
{
	archiveVersion = 1;
	classes = {
	};
	objectVersion = 46;
	objects = {

/* Begin PBXBuildFile section */
		CB13A0CF14096FEA00BC0608 /* PrototypeView_iPhone.xib in Resources */ = {isa = PBXBuildFile; fileRef = CB13A0CE14096FEA00BC0608 /* PrototypeView_iPhone.xib */; };
		CB166E4914045F6B009C760E /* AWSiOSSDK.framework in Frameworks */ = {isa = PBXBuildFile; fileRef = CB165C5014044F79009C760E /* AWSiOSSDK.framework */; settings = {ATTRIBUTES = (Required, ); }; };
		CB166E4C14046110009C760E /* RepositoryConstants.m in Sources */ = {isa = PBXBuildFile; fileRef = CB166E4B14046110009C760E /* RepositoryConstants.m */; settings = {COMPILER_FLAGS = "-fno-objc-arc"; }; };
		CB166E4F14053C16009C760E /* QueueEntry.m in Sources */ = {isa = PBXBuildFile; fileRef = CB166E4E14053C16009C760E /* QueueEntry.m */; };
		CB166E5614055C3D009C760E /* RepositoryHandler.m in Sources */ = {isa = PBXBuildFile; fileRef = CB166E5514055C3D009C760E /* RepositoryHandler.m */; settings = {COMPILER_FLAGS = "-fno-objc-arc"; }; };
		CB60127513FAABE5004FD84D /* sample.html in Resources */ = {isa = PBXBuildFile; fileRef = CB60127413FAABE5004FD84D /* sample.html */; };
		CB69986F13FDB0B000F9AADD /* CoreData.framework in Frameworks */ = {isa = PBXBuildFile; fileRef = CB69986E13FDB0B000F9AADD /* CoreData.framework */; };
		CB69987313FDB4B000F9AADD /* EditorDocument.m in Sources */ = {isa = PBXBuildFile; fileRef = CB69987213FDB4B000F9AADD /* EditorDocument.m */; };
		CB69987613FDB5D000F9AADD /* NSString+UUID.m in Sources */ = {isa = PBXBuildFile; fileRef = CB69987513FDB5D000F9AADD /* NSString+UUID.m */; };
		CB98313913FC93C200BC6EE1 /* EditorView.m in Sources */ = {isa = PBXBuildFile; fileRef = CB98313713FC93C200BC6EE1 /* EditorView.m */; };
		CB98313A13FC93C200BC6EE1 /* EditorView_iPad.xib in Resources */ = {isa = PBXBuildFile; fileRef = CB98313813FC93C200BC6EE1 /* EditorView_iPad.xib */; };
		CB98313C13FC93F100BC6EE1 /* EditorView_iPhone.xib in Resources */ = {isa = PBXBuildFile; fileRef = CB98313B13FC93F100BC6EE1 /* EditorView_iPhone.xib */; };
		CB9F722113F9E43400C8D6EF /* UIKit.framework in Frameworks */ = {isa = PBXBuildFile; fileRef = CB9F722013F9E43400C8D6EF /* UIKit.framework */; };
		CB9F722313F9E43400C8D6EF /* Foundation.framework in Frameworks */ = {isa = PBXBuildFile; fileRef = CB9F722213F9E43400C8D6EF /* Foundation.framework */; };
		CB9F722913F9E43400C8D6EF /* InfoPlist.strings in Resources */ = {isa = PBXBuildFile; fileRef = CB9F722713F9E43400C8D6EF /* InfoPlist.strings */; };
		CB9F722B13F9E43400C8D6EF /* main.m in Sources */ = {isa = PBXBuildFile; fileRef = CB9F722A13F9E43400C8D6EF /* main.m */; };
		CB9F722F13F9E43400C8D6EF /* AppDelegate.m in Sources */ = {isa = PBXBuildFile; fileRef = CB9F722E13F9E43400C8D6EF /* AppDelegate.m */; };
		CB9F723213F9E43400C8D6EF /* ViewController.m in Sources */ = {isa = PBXBuildFile; fileRef = CB9F723113F9E43400C8D6EF /* ViewController.m */; };
		CB9F723513F9E43400C8D6EF /* ViewController_iPhone.xib in Resources */ = {isa = PBXBuildFile; fileRef = CB9F723313F9E43400C8D6EF /* ViewController_iPhone.xib */; };
		CB9F723813F9E43400C8D6EF /* ViewController_iPad.xib in Resources */ = {isa = PBXBuildFile; fileRef = CB9F723613F9E43400C8D6EF /* ViewController_iPad.xib */; };
		CBA66DF313FDAC41005A27BE /* DataController.m in Sources */ = {isa = PBXBuildFile; fileRef = CBA66DF213FDAC41005A27BE /* DataController.m */; };
		CBA66DF613FDADCD005A27BE /* fiveoh-one.xcdatamodeld in Sources */ = {isa = PBXBuildFile; fileRef = CBA66DF413FDADCD005A27BE /* fiveoh-one.xcdatamodeld */; };
		CBB7C8651406A5C90026FC16 /* ProjectConstants.m in Sources */ = {isa = PBXBuildFile; fileRef = CBB7C8641406A5C90026FC16 /* ProjectConstants.m */; };
		CBB7C8691406B5D00026FC16 /* Utility.m in Sources */ = {isa = PBXBuildFile; fileRef = CBB7C8681406B5D00026FC16 /* Utility.m */; };
		CBB7C8761406BC890026FC16 /* S3RequestDelegate.m in Sources */ = {isa = PBXBuildFile; fileRef = CBB7C8731406BC890026FC16 /* S3RequestDelegate.m */; };
		CBB7C8771406BC890026FC16 /* SdbRequestDelegate.m in Sources */ = {isa = PBXBuildFile; fileRef = CBB7C8751406BC890026FC16 /* SdbRequestDelegate.m */; };
		CBB7C8821407DD5F0026FC16 /* PrototypeView.m in Sources */ = {isa = PBXBuildFile; fileRef = CBB7C8801407DD5F0026FC16 /* PrototypeView.m */; };
		CBB7C8831407DD5F0026FC16 /* PrototypeView_iPad.xib in Resources */ = {isa = PBXBuildFile; fileRef = CBB7C8811407DD5F0026FC16 /* PrototypeView_iPad.xib */; };
/* End PBXBuildFile section */

/* Begin PBXFileReference section */
		CB13A0CE14096FEA00BC0608 /* PrototypeView_iPhone.xib */ = {isa = PBXFileReference; fileEncoding = 4; lastKnownFileType = file.xib; path = PrototypeView_iPhone.xib; sourceTree = "<group>"; };
		CB165C5014044F79009C760E /* AWSiOSSDK.framework */ = {isa = PBXFileReference; lastKnownFileType = wrapper.framework; name = AWSiOSSDK.framework; path = "../../aws-ios-sdk-0.2.3/AWSiOSSDK.framework"; sourceTree = "<group>"; };
		CB166E4A14046110009C760E /* RepositoryConstants.h */ = {isa = PBXFileReference; fileEncoding = 4; lastKnownFileType = sourcecode.c.h; path = RepositoryConstants.h; sourceTree = "<group>"; };
		CB166E4B14046110009C760E /* RepositoryConstants.m */ = {isa = PBXFileReference; fileEncoding = 4; lastKnownFileType = sourcecode.c.objc; path = RepositoryConstants.m; sourceTree = "<group>"; };
		CB166E4D14053C16009C760E /* QueueEntry.h */ = {isa = PBXFileReference; fileEncoding = 4; lastKnownFileType = sourcecode.c.h; path = QueueEntry.h; sourceTree = "<group>"; };
		CB166E4E14053C16009C760E /* QueueEntry.m */ = {isa = PBXFileReference; fileEncoding = 4; lastKnownFileType = sourcecode.c.objc; path = QueueEntry.m; sourceTree = "<group>"; };
		CB166E5414055C3D009C760E /* RepositoryHandler.h */ = {isa = PBXFileReference; fileEncoding = 4; lastKnownFileType = sourcecode.c.h; path = RepositoryHandler.h; sourceTree = "<group>"; };
		CB166E5514055C3D009C760E /* RepositoryHandler.m */ = {isa = PBXFileReference; fileEncoding = 4; lastKnownFileType = sourcecode.c.objc; path = RepositoryHandler.m; sourceTree = "<group>"; };
		CB60127413FAABE5004FD84D /* sample.html */ = {isa = PBXFileReference; fileEncoding = 4; lastKnownFileType = text.html; path = sample.html; sourceTree = "<group>"; };
		CB69986E13FDB0B000F9AADD /* CoreData.framework */ = {isa = PBXFileReference; lastKnownFileType = wrapper.framework; name = CoreData.framework; path = System/Library/Frameworks/CoreData.framework; sourceTree = SDKROOT; };
		CB69987113FDB4B000F9AADD /* EditorDocument.h */ = {isa = PBXFileReference; fileEncoding = 4; lastKnownFileType = sourcecode.c.h; path = EditorDocument.h; sourceTree = "<group>"; };
		CB69987213FDB4B000F9AADD /* EditorDocument.m */ = {isa = PBXFileReference; fileEncoding = 4; lastKnownFileType = sourcecode.c.objc; path = EditorDocument.m; sourceTree = "<group>"; };
		CB69987413FDB5D000F9AADD /* NSString+UUID.h */ = {isa = PBXFileReference; fileEncoding = 4; lastKnownFileType = sourcecode.c.h; path = "NSString+UUID.h"; sourceTree = "<group>"; };
		CB69987513FDB5D000F9AADD /* NSString+UUID.m */ = {isa = PBXFileReference; fileEncoding = 4; lastKnownFileType = sourcecode.c.objc; path = "NSString+UUID.m"; sourceTree = "<group>"; };
		CB98313613FC93C200BC6EE1 /* EditorView.h */ = {isa = PBXFileReference; fileEncoding = 4; lastKnownFileType = sourcecode.c.h; path = EditorView.h; sourceTree = "<group>"; };
		CB98313713FC93C200BC6EE1 /* EditorView.m */ = {isa = PBXFileReference; fileEncoding = 4; lastKnownFileType = sourcecode.c.objc; path = EditorView.m; sourceTree = "<group>"; };
		CB98313813FC93C200BC6EE1 /* EditorView_iPad.xib */ = {isa = PBXFileReference; fileEncoding = 4; lastKnownFileType = file.xib; path = EditorView_iPad.xib; sourceTree = "<group>"; };
		CB98313B13FC93F100BC6EE1 /* EditorView_iPhone.xib */ = {isa = PBXFileReference; fileEncoding = 4; lastKnownFileType = file.xib; path = EditorView_iPhone.xib; sourceTree = "<group>"; };
		CB9F721C13F9E43400C8D6EF /* fiveoh-one.app */ = {isa = PBXFileReference; explicitFileType = wrapper.application; includeInIndex = 0; path = "fiveoh-one.app"; sourceTree = BUILT_PRODUCTS_DIR; };
		CB9F722013F9E43400C8D6EF /* UIKit.framework */ = {isa = PBXFileReference; lastKnownFileType = wrapper.framework; name = UIKit.framework; path = System/Library/Frameworks/UIKit.framework; sourceTree = SDKROOT; };
		CB9F722213F9E43400C8D6EF /* Foundation.framework */ = {isa = PBXFileReference; lastKnownFileType = wrapper.framework; name = Foundation.framework; path = System/Library/Frameworks/Foundation.framework; sourceTree = SDKROOT; };
		CB9F722613F9E43400C8D6EF /* fiveoh-one-Info.plist */ = {isa = PBXFileReference; lastKnownFileType = text.plist.xml; path = "fiveoh-one-Info.plist"; sourceTree = "<group>"; };
		CB9F722813F9E43400C8D6EF /* en */ = {isa = PBXFileReference; lastKnownFileType = text.plist.strings; name = en; path = en.lproj/InfoPlist.strings; sourceTree = "<group>"; };
		CB9F722A13F9E43400C8D6EF /* main.m */ = {isa = PBXFileReference; lastKnownFileType = sourcecode.c.objc; path = main.m; sourceTree = "<group>"; };
		CB9F722C13F9E43400C8D6EF /* fiveoh-one-Prefix.pch */ = {isa = PBXFileReference; lastKnownFileType = sourcecode.c.h; path = "fiveoh-one-Prefix.pch"; sourceTree = "<group>"; };
		CB9F722D13F9E43400C8D6EF /* AppDelegate.h */ = {isa = PBXFileReference; lastKnownFileType = sourcecode.c.h; path = AppDelegate.h; sourceTree = "<group>"; };
		CB9F722E13F9E43400C8D6EF /* AppDelegate.m */ = {isa = PBXFileReference; lastKnownFileType = sourcecode.c.objc; path = AppDelegate.m; sourceTree = "<group>"; };
		CB9F723013F9E43400C8D6EF /* ViewController.h */ = {isa = PBXFileReference; lastKnownFileType = sourcecode.c.h; path = ViewController.h; sourceTree = "<group>"; };
		CB9F723113F9E43400C8D6EF /* ViewController.m */ = {isa = PBXFileReference; lastKnownFileType = sourcecode.c.objc; path = ViewController.m; sourceTree = "<group>"; };
		CB9F723413F9E43400C8D6EF /* en */ = {isa = PBXFileReference; lastKnownFileType = file.xib; name = en; path = en.lproj/ViewController_iPhone.xib; sourceTree = "<group>"; };
		CB9F723713F9E43400C8D6EF /* en */ = {isa = PBXFileReference; lastKnownFileType = file.xib; name = en; path = en.lproj/ViewController_iPad.xib; sourceTree = "<group>"; };
		CBA66DF113FDAC41005A27BE /* DataController.h */ = {isa = PBXFileReference; fileEncoding = 4; lastKnownFileType = sourcecode.c.h; path = DataController.h; sourceTree = "<group>"; };
		CBA66DF213FDAC41005A27BE /* DataController.m */ = {isa = PBXFileReference; fileEncoding = 4; lastKnownFileType = sourcecode.c.objc; path = DataController.m; sourceTree = "<group>"; };
		CBA66DF513FDADCD005A27BE /* fiveoh-one.xcdatamodel */ = {isa = PBXFileReference; lastKnownFileType = wrapper.xcdatamodel; path = "fiveoh-one.xcdatamodel"; sourceTree = "<group>"; };
		CBB7C8631406A5C90026FC16 /* ProjectConstants.h */ = {isa = PBXFileReference; fileEncoding = 4; lastKnownFileType = sourcecode.c.h; path = ProjectConstants.h; sourceTree = "<group>"; };
		CBB7C8641406A5C90026FC16 /* ProjectConstants.m */ = {isa = PBXFileReference; fileEncoding = 4; lastKnownFileType = sourcecode.c.objc; path = ProjectConstants.m; sourceTree = "<group>"; };
		CBB7C8671406B5D00026FC16 /* Utility.h */ = {isa = PBXFileReference; fileEncoding = 4; lastKnownFileType = sourcecode.c.h; path = Utility.h; sourceTree = "<group>"; };
		CBB7C8681406B5D00026FC16 /* Utility.m */ = {isa = PBXFileReference; fileEncoding = 4; lastKnownFileType = sourcecode.c.objc; path = Utility.m; sourceTree = "<group>"; };
		CBB7C8721406BC890026FC16 /* S3RequestDelegate.h */ = {isa = PBXFileReference; fileEncoding = 4; lastKnownFileType = sourcecode.c.h; path = S3RequestDelegate.h; sourceTree = "<group>"; };
		CBB7C8731406BC890026FC16 /* S3RequestDelegate.m */ = {isa = PBXFileReference; fileEncoding = 4; lastKnownFileType = sourcecode.c.objc; path = S3RequestDelegate.m; sourceTree = "<group>"; };
		CBB7C8741406BC890026FC16 /* SdbRequestDelegate.h */ = {isa = PBXFileReference; fileEncoding = 4; lastKnownFileType = sourcecode.c.h; path = SdbRequestDelegate.h; sourceTree = "<group>"; };
		CBB7C8751406BC890026FC16 /* SdbRequestDelegate.m */ = {isa = PBXFileReference; fileEncoding = 4; lastKnownFileType = sourcecode.c.objc; path = SdbRequestDelegate.m; sourceTree = "<group>"; };
		CBB7C87F1407DD5F0026FC16 /* PrototypeView.h */ = {isa = PBXFileReference; fileEncoding = 4; lastKnownFileType = sourcecode.c.h; path = PrototypeView.h; sourceTree = "<group>"; };
		CBB7C8801407DD5F0026FC16 /* PrototypeView.m */ = {isa = PBXFileReference; fileEncoding = 4; lastKnownFileType = sourcecode.c.objc; path = PrototypeView.m; sourceTree = "<group>"; };
		CBB7C8811407DD5F0026FC16 /* PrototypeView_iPad.xib */ = {isa = PBXFileReference; fileEncoding = 4; lastKnownFileType = file.xib; path = PrototypeView_iPad.xib; sourceTree = "<group>"; };
/* End PBXFileReference section */

/* Begin PBXFrameworksBuildPhase section */
		CB9F721913F9E43400C8D6EF /* Frameworks */ = {
			isa = PBXFrameworksBuildPhase;
			buildActionMask = 2147483647;
			files = (
				CB69986F13FDB0B000F9AADD /* CoreData.framework in Frameworks */,
				CB9F722113F9E43400C8D6EF /* UIKit.framework in Frameworks */,
				CB9F722313F9E43400C8D6EF /* Foundation.framework in Frameworks */,
				CB166E4914045F6B009C760E /* AWSiOSSDK.framework in Frameworks */,
			);
			runOnlyForDeploymentPostprocessing = 0;
		};
/* End PBXFrameworksBuildPhase section */

/* Begin PBXGroup section */
		CB166E5314055BB4009C760E /* Remote Repository */ = {
			isa = PBXGroup;
			children = (
				CB166E4A14046110009C760E /* RepositoryConstants.h */,
				CB166E4B14046110009C760E /* RepositoryConstants.m */,
				CB166E5414055C3D009C760E /* RepositoryHandler.h */,
				CB166E5514055C3D009C760E /* RepositoryHandler.m */,
			);
			name = "Remote Repository";
			sourceTree = "<group>";
		};
		CB98312F13FC8A1E00BC6EE1 /* Graphics */ = {
			isa = PBXGroup;
			children = (
			);
			name = Graphics;
			sourceTree = "<group>";
		};
		CB98313113FC8A3A00BC6EE1 /* Data Model */ = {
			isa = PBXGroup;
			children = (
				CBA66DF413FDADCD005A27BE /* fiveoh-one.xcdatamodeld */,
				CBA66DF113FDAC41005A27BE /* DataController.h */,
				CBA66DF213FDAC41005A27BE /* DataController.m */,
				CB166E4D14053C16009C760E /* QueueEntry.h */,
				CB166E4E14053C16009C760E /* QueueEntry.m */,
				CB69987113FDB4B000F9AADD /* EditorDocument.h */,
				CB69987213FDB4B000F9AADD /* EditorDocument.m */,
			);
			name = "Data Model";
			sourceTree = "<group>";
		};
		CB98313213FC8A4C00BC6EE1 /* Classes */ = {
			isa = PBXGroup;
			children = (
				CB166E5314055BB4009C760E /* Remote Repository */,
				CB98313113FC8A3A00BC6EE1 /* Data Model */,
				CB98313513FC8AF500BC6EE1 /* Other */,
				CB98313313FC8A7B00BC6EE1 /* Views */,
			);
			name = Classes;
			sourceTree = "<group>";
		};
		CB98313313FC8A7B00BC6EE1 /* Views */ = {
			isa = PBXGroup;
			children = (
				CB98313613FC93C200BC6EE1 /* EditorView.h */,
				CB98313713FC93C200BC6EE1 /* EditorView.m */,
				CB98313813FC93C200BC6EE1 /* EditorView_iPad.xib */,
				CB98313B13FC93F100BC6EE1 /* EditorView_iPhone.xib */,
				CB9F723013F9E43400C8D6EF /* ViewController.h */,
				CB9F723113F9E43400C8D6EF /* ViewController.m */,
				CB9F723313F9E43400C8D6EF /* ViewController_iPhone.xib */,
				CB9F723613F9E43400C8D6EF /* ViewController_iPad.xib */,
				CBB7C87F1407DD5F0026FC16 /* PrototypeView.h */,
				CBB7C8801407DD5F0026FC16 /* PrototypeView.m */,
				CBB7C8811407DD5F0026FC16 /* PrototypeView_iPad.xib */,
				CB13A0CE14096FEA00BC0608 /* PrototypeView_iPhone.xib */,
			);
			name = Views;
			sourceTree = "<group>";
		};
		CB98313413FC8AAB00BC6EE1 /* Embedded Files */ = {
			isa = PBXGroup;
			children = (
				CB60127413FAABE5004FD84D /* sample.html */,
			);
			name = "Embedded Files";
			sourceTree = "<group>";
		};
		CB98313513FC8AF500BC6EE1 /* Other */ = {
			isa = PBXGroup;
			children = (
				CBB7C8631406A5C90026FC16 /* ProjectConstants.h */,
				CBB7C8641406A5C90026FC16 /* ProjectConstants.m */,
				CB69987413FDB5D000F9AADD /* NSString+UUID.h */,
				CB69987513FDB5D000F9AADD /* NSString+UUID.m */,
				CBB7C8671406B5D00026FC16 /* Utility.h */,
				CBB7C8681406B5D00026FC16 /* Utility.m */,
			);
			name = Other;
			sourceTree = "<group>";
		};
		CB9F721113F9E43400C8D6EF = {
			isa = PBXGroup;
			children = (
				CB9F722413F9E43400C8D6EF /* fiveoh-one */,
				CB9F721F13F9E43400C8D6EF /* Frameworks */,
				CB9F721D13F9E43400C8D6EF /* Products */,
			);
			sourceTree = "<group>";
		};
		CB9F721D13F9E43400C8D6EF /* Products */ = {
			isa = PBXGroup;
			children = (
				CB9F721C13F9E43400C8D6EF /* fiveoh-one.app */,
			);
			name = Products;
			sourceTree = "<group>";
		};
		CB9F721F13F9E43400C8D6EF /* Frameworks */ = {
			isa = PBXGroup;
			children = (
				CB165C5014044F79009C760E /* AWSiOSSDK.framework */,
				CB69986E13FDB0B000F9AADD /* CoreData.framework */,
				CB9F722013F9E43400C8D6EF /* UIKit.framework */,
				CB9F722213F9E43400C8D6EF /* Foundation.framework */,
			);
			name = Frameworks;
			sourceTree = "<group>";
		};
		CB9F722413F9E43400C8D6EF /* fiveoh-one */ = {
			isa = PBXGroup;
			children = (
				CBB7C86A1406BB6B0026FC16 /* Third Party */,
				CB98313413FC8AAB00BC6EE1 /* Embedded Files */,
				CB98313213FC8A4C00BC6EE1 /* Classes */,
				CB98312F13FC8A1E00BC6EE1 /* Graphics */,
				CB9F722D13F9E43400C8D6EF /* AppDelegate.h */,
				CB9F722E13F9E43400C8D6EF /* AppDelegate.m */,
				CB9F722513F9E43400C8D6EF /* Supporting Files */,
				CBB7C8791407DCBD0026FC16 /* PearlHarbor */,
			);
			path = "fiveoh-one";
			sourceTree = "<group>";
		};
		CB9F722513F9E43400C8D6EF /* Supporting Files */ = {
			isa = PBXGroup;
			children = (
				CB9F722613F9E43400C8D6EF /* fiveoh-one-Info.plist */,
				CB9F722713F9E43400C8D6EF /* InfoPlist.strings */,
				CB9F722A13F9E43400C8D6EF /* main.m */,
				CB9F722C13F9E43400C8D6EF /* fiveoh-one-Prefix.pch */,
			);
			name = "Supporting Files";
			sourceTree = "<group>";
		};
		CBB7C86A1406BB6B0026FC16 /* Third Party */ = {
			isa = PBXGroup;
			children = (
				CBB7C86B1406BB780026FC16 /* AWS */,
			);
			name = "Third Party";
			sourceTree = "<group>";
		};
		CBB7C86B1406BB780026FC16 /* AWS */ = {
			isa = PBXGroup;
			children = (
				CBB7C8721406BC890026FC16 /* S3RequestDelegate.h */,
				CBB7C8731406BC890026FC16 /* S3RequestDelegate.m */,
				CBB7C8741406BC890026FC16 /* SdbRequestDelegate.h */,
				CBB7C8751406BC890026FC16 /* SdbRequestDelegate.m */,
			);
			name = AWS;
			sourceTree = "<group>";
		};
		CBB7C8791407DCBD0026FC16 /* PearlHarbor */ = {
			isa = PBXGroup;
			children = (
			);
			name = PearlHarbor;
			sourceTree = "<group>";
		};
/* End PBXGroup section */

/* Begin PBXNativeTarget section */
		CB9F721B13F9E43400C8D6EF /* fiveoh-one */ = {
			isa = PBXNativeTarget;
			buildConfigurationList = CB9F723B13F9E43400C8D6EF /* Build configuration list for PBXNativeTarget "fiveoh-one" */;
			buildPhases = (
				CB9F721813F9E43400C8D6EF /* Sources */,
				CB9F721913F9E43400C8D6EF /* Frameworks */,
				CB9F721A13F9E43400C8D6EF /* Resources */,
			);
			buildRules = (
			);
			dependencies = (
			);
			name = "fiveoh-one";
			productName = "fiveoh-one";
			productReference = CB9F721C13F9E43400C8D6EF /* fiveoh-one.app */;
			productType = "com.apple.product-type.application";
		};
/* End PBXNativeTarget section */

/* Begin PBXProject section */
		CB9F721313F9E43400C8D6EF /* Project object */ = {
			isa = PBXProject;
			attributes = {
				LastUpgradeCheck = 0420;
				ORGANIZATIONNAME = "TLA Digital Projects";
			};
			buildConfigurationList = CB9F721613F9E43400C8D6EF /* Build configuration list for PBXProject "fiveoh-one" */;
			compatibilityVersion = "Xcode 3.2";
			developmentRegion = English;
			hasScannedForEncodings = 0;
			knownRegions = (
				en,
			);
			mainGroup = CB9F721113F9E43400C8D6EF;
			productRefGroup = CB9F721D13F9E43400C8D6EF /* Products */;
			projectDirPath = "";
			projectRoot = "";
			targets = (
				CB9F721B13F9E43400C8D6EF /* fiveoh-one */,
			);
		};
/* End PBXProject section */

/* Begin PBXResourcesBuildPhase section */
		CB9F721A13F9E43400C8D6EF /* Resources */ = {
			isa = PBXResourcesBuildPhase;
			buildActionMask = 2147483647;
			files = (
				CB9F722913F9E43400C8D6EF /* InfoPlist.strings in Resources */,
				CB9F723513F9E43400C8D6EF /* ViewController_iPhone.xib in Resources */,
				CB9F723813F9E43400C8D6EF /* ViewController_iPad.xib in Resources */,
				CB60127513FAABE5004FD84D /* sample.html in Resources */,
				CB98313A13FC93C200BC6EE1 /* EditorView_iPad.xib in Resources */,
				CB98313C13FC93F100BC6EE1 /* EditorView_iPhone.xib in Resources */,
				CBB7C8831407DD5F0026FC16 /* PrototypeView_iPad.xib in Resources */,
				CB13A0CF14096FEA00BC0608 /* PrototypeView_iPhone.xib in Resources */,
			);
			runOnlyForDeploymentPostprocessing = 0;
		};
/* End PBXResourcesBuildPhase section */

/* Begin PBXSourcesBuildPhase section */
		CB9F721813F9E43400C8D6EF /* Sources */ = {
			isa = PBXSourcesBuildPhase;
			buildActionMask = 2147483647;
			files = (
				CB9F722B13F9E43400C8D6EF /* main.m in Sources */,
				CB9F722F13F9E43400C8D6EF /* AppDelegate.m in Sources */,
				CB9F723213F9E43400C8D6EF /* ViewController.m in Sources */,
				CB98313913FC93C200BC6EE1 /* EditorView.m in Sources */,
				CBA66DF313FDAC41005A27BE /* DataController.m in Sources */,
				CBA66DF613FDADCD005A27BE /* fiveoh-one.xcdatamodeld in Sources */,
				CB69987313FDB4B000F9AADD /* EditorDocument.m in Sources */,
				CB69987613FDB5D000F9AADD /* NSString+UUID.m in Sources */,
				CB166E4C14046110009C760E /* RepositoryConstants.m in Sources */,
				CB166E4F14053C16009C760E /* QueueEntry.m in Sources */,
				CB166E5614055C3D009C760E /* RepositoryHandler.m in Sources */,
				CBB7C8651406A5C90026FC16 /* ProjectConstants.m in Sources */,
				CBB7C8691406B5D00026FC16 /* Utility.m in Sources */,
				CBB7C8761406BC890026FC16 /* S3RequestDelegate.m in Sources */,
				CBB7C8771406BC890026FC16 /* SdbRequestDelegate.m in Sources */,
				CBB7C8821407DD5F0026FC16 /* PrototypeView.m in Sources */,
			);
			runOnlyForDeploymentPostprocessing = 0;
		};
/* End PBXSourcesBuildPhase section */

/* Begin PBXVariantGroup section */
		CB9F722713F9E43400C8D6EF /* InfoPlist.strings */ = {
			isa = PBXVariantGroup;
			children = (
				CB9F722813F9E43400C8D6EF /* en */,
			);
			name = InfoPlist.strings;
			sourceTree = "<group>";
		};
		CB9F723313F9E43400C8D6EF /* ViewController_iPhone.xib */ = {
			isa = PBXVariantGroup;
			children = (
				CB9F723413F9E43400C8D6EF /* en */,
			);
			name = ViewController_iPhone.xib;
			sourceTree = "<group>";
		};
		CB9F723613F9E43400C8D6EF /* ViewController_iPad.xib */ = {
			isa = PBXVariantGroup;
			children = (
				CB9F723713F9E43400C8D6EF /* en */,
			);
			name = ViewController_iPad.xib;
			sourceTree = "<group>";
		};
/* End PBXVariantGroup section */

/* Begin XCBuildConfiguration section */
		CB9F723913F9E43400C8D6EF /* Debug */ = {
			isa = XCBuildConfiguration;
			buildSettings = {
				ALWAYS_SEARCH_USER_PATHS = NO;
				ARCHS = "$(ARCHS_STANDARD_32_BIT)";
				CLANG_ENABLE_OBJC_ARC = YES;
				"CODE_SIGN_IDENTITY[sdk=iphoneos*]" = "iPhone Developer";
				COPY_PHASE_STRIP = NO;
				GCC_C_LANGUAGE_STANDARD = gnu99;
				GCC_DYNAMIC_NO_PIC = NO;
				GCC_OPTIMIZATION_LEVEL = 0;
				GCC_PREPROCESSOR_DEFINITIONS = (
					"DEBUG=1",
					"$(inherited)",
				);
				GCC_SYMBOLS_PRIVATE_EXTERN = NO;
				GCC_VERSION = com.apple.compilers.llvm.clang.1_0;
				GCC_WARN_ABOUT_MISSING_PROTOTYPES = YES;
				GCC_WARN_ABOUT_RETURN_TYPE = YES;
				GCC_WARN_UNUSED_VARIABLE = YES;
				IPHONEOS_DEPLOYMENT_TARGET = 4.3;
				SDKROOT = iphoneos;
				TARGETED_DEVICE_FAMILY = "1,2";
			};
			name = Debug;
		};
		CB9F723A13F9E43400C8D6EF /* Release */ = {
			isa = XCBuildConfiguration;
			buildSettings = {
				ALWAYS_SEARCH_USER_PATHS = NO;
				ARCHS = "$(ARCHS_STANDARD_32_BIT)";
				CLANG_ENABLE_OBJC_ARC = YES;
				"CODE_SIGN_IDENTITY[sdk=iphoneos*]" = "iPhone Developer";
				COPY_PHASE_STRIP = YES;
				GCC_C_LANGUAGE_STANDARD = gnu99;
				GCC_VERSION = com.apple.compilers.llvm.clang.1_0;
				GCC_WARN_ABOUT_MISSING_PROTOTYPES = YES;
				GCC_WARN_ABOUT_RETURN_TYPE = YES;
				GCC_WARN_UNUSED_VARIABLE = YES;
				IPHONEOS_DEPLOYMENT_TARGET = 4.3;
				OTHER_CFLAGS = "-DNS_BLOCK_ASSERTIONS=1";
				SDKROOT = iphoneos;
				TARGETED_DEVICE_FAMILY = "1,2";
				VALIDATE_PRODUCT = YES;
			};
			name = Release;
		};
		CB9F723C13F9E43400C8D6EF /* Debug */ = {
			isa = XCBuildConfiguration;
			buildSettings = {
				"CODE_SIGN_IDENTITY[sdk=iphoneos*]" = "iPhone Developer: Karl Schulze (PKD77ZK2K5)";
				FRAMEWORK_SEARCH_PATHS = (
					"$(inherited)",
					"\"$(SRCROOT)/../../aws-ios-sdk-0.2.3\"",
				);
				GCC_PRECOMPILE_PREFIX_HEADER = YES;
				GCC_PREFIX_HEADER = "fiveoh-one/fiveoh-one-Prefix.pch";
				INFOPLIST_FILE = "fiveoh-one/fiveoh-one-Info.plist";
				IPHONEOS_DEPLOYMENT_TARGET = 4.3;
				PRODUCT_NAME = "$(TARGET_NAME)";
				"PROVISIONING_PROFILE[sdk=iphoneos*]" = "1F76E99B-992F-480D-B20D-E957FC0330B6";
				TARGETED_DEVICE_FAMILY = 2;
				WRAPPER_EXTENSION = app;
			};
			name = Debug;
		};
		CB9F723D13F9E43400C8D6EF /* Release */ = {
			isa = XCBuildConfiguration;
			buildSettings = {
				"CODE_SIGN_IDENTITY[sdk=iphoneos*]" = "iPhone Developer: Karl Schulze (PKD77ZK2K5)";
				FRAMEWORK_SEARCH_PATHS = (
					"$(inherited)",
					"\"$(SRCROOT)/../../aws-ios-sdk-0.2.3\"",
				);
				GCC_PRECOMPILE_PREFIX_HEADER = YES;
				GCC_PREFIX_HEADER = "fiveoh-one/fiveoh-one-Prefix.pch";
				INFOPLIST_FILE = "fiveoh-one/fiveoh-one-Info.plist";
				IPHONEOS_DEPLOYMENT_TARGET = 4.3;
				PRODUCT_NAME = "$(TARGET_NAME)";
				"PROVISIONING_PROFILE[sdk=iphoneos*]" = "1F76E99B-992F-480D-B20D-E957FC0330B6";
				TARGETED_DEVICE_FAMILY = 2;
				WRAPPER_EXTENSION = app;
			};
			name = Release;
		};
/* End XCBuildConfiguration section */

/* Begin XCConfigurationList section */
		CB9F721613F9E43400C8D6EF /* Build configuration list for PBXProject "fiveoh-one" */ = {
			isa = XCConfigurationList;
			buildConfigurations = (
				CB9F723913F9E43400C8D6EF /* Debug */,
				CB9F723A13F9E43400C8D6EF /* Release */,
			);
			defaultConfigurationIsVisible = 0;
			defaultConfigurationName = Release;
		};
		CB9F723B13F9E43400C8D6EF /* Build configuration list for PBXNativeTarget "fiveoh-one" */ = {
			isa = XCConfigurationList;
			buildConfigurations = (
				CB9F723C13F9E43400C8D6EF /* Debug */,
				CB9F723D13F9E43400C8D6EF /* Release */,
			);
			defaultConfigurationIsVisible = 0;
			defaultConfigurationName = Release;
		};
/* End XCConfigurationList section */

/* Begin XCVersionGroup section */
		CBA66DF413FDADCD005A27BE /* fiveoh-one.xcdatamodeld */ = {
			isa = XCVersionGroup;
			children = (
				CBA66DF513FDADCD005A27BE /* fiveoh-one.xcdatamodel */,
			);
			currentVersion = CBA66DF513FDADCD005A27BE /* fiveoh-one.xcdatamodel */;
			path = "fiveoh-one.xcdatamodeld";
			sourceTree = "<group>";
			versionGroupType = wrapper.xcdatamodel;
		};
/* End XCVersionGroup section */
	};
	rootObject = CB9F721313F9E43400C8D6EF /* Project object */;
}
