// !$*UTF8*$!
{
	archiveVersion = 1;
	classes = {
	};
	objectVersion = 46;
	objects = {

/* Begin PBXBuildFile section */
		CBF2968D1402FEB800254F6A /* UIKit.framework in Frameworks */ = {isa = PBXBuildFile; fileRef = CBF2968C1402FEB800254F6A /* UIKit.framework */; };
		CBF2968F1402FEB800254F6A /* Foundation.framework in Frameworks */ = {isa = PBXBuildFile; fileRef = CBF2968E1402FEB800254F6A /* Foundation.framework */; };
		CBF296951402FEB900254F6A /* InfoPlist.strings in Resources */ = {isa = PBXBuildFile; fileRef = CBF296931402FEB900254F6A /* InfoPlist.strings */; };
		CBF296971402FEB900254F6A /* main.m in Sources */ = {isa = PBXBuildFile; fileRef = CBF296961402FEB900254F6A /* main.m */; };
		CBF2969B1402FEB900254F6A /* AppDelegate.m in Sources */ = {isa = PBXBuildFile; fileRef = CBF2969A1402FEB900254F6A /* AppDelegate.m */; };
/* End PBXBuildFile section */

/* Begin PBXFileReference section */
		CBF296881402FEB800254F6A /* fourthree-one.app */ = {isa = PBXFileReference; explicitFileType = wrapper.application; includeInIndex = 0; path = "fourthree-one.app"; sourceTree = BUILT_PRODUCTS_DIR; };
		CBF2968C1402FEB800254F6A /* UIKit.framework */ = {isa = PBXFileReference; lastKnownFileType = wrapper.framework; name = UIKit.framework; path = System/Library/Frameworks/UIKit.framework; sourceTree = SDKROOT; };
		CBF2968E1402FEB800254F6A /* Foundation.framework */ = {isa = PBXFileReference; lastKnownFileType = wrapper.framework; name = Foundation.framework; path = System/Library/Frameworks/Foundation.framework; sourceTree = SDKROOT; };
		CBF296921402FEB900254F6A /* fourthree-one-Info.plist */ = {isa = PBXFileReference; lastKnownFileType = text.plist.xml; path = "fourthree-one-Info.plist"; sourceTree = "<group>"; };
		CBF296941402FEB900254F6A /* en */ = {isa = PBXFileReference; lastKnownFileType = text.plist.strings; name = en; path = en.lproj/InfoPlist.strings; sourceTree = "<group>"; };
		CBF296961402FEB900254F6A /* main.m */ = {isa = PBXFileReference; lastKnownFileType = sourcecode.c.objc; path = main.m; sourceTree = "<group>"; };
		CBF296981402FEB900254F6A /* fourthree-one-Prefix.pch */ = {isa = PBXFileReference; lastKnownFileType = sourcecode.c.h; path = "fourthree-one-Prefix.pch"; sourceTree = "<group>"; };
		CBF296991402FEB900254F6A /* AppDelegate.h */ = {isa = PBXFileReference; lastKnownFileType = sourcecode.c.h; path = AppDelegate.h; sourceTree = "<group>"; };
		CBF2969A1402FEB900254F6A /* AppDelegate.m */ = {isa = PBXFileReference; lastKnownFileType = sourcecode.c.objc; path = AppDelegate.m; sourceTree = "<group>"; };
/* End PBXFileReference section */

/* Begin PBXFrameworksBuildPhase section */
		CBF296851402FEB800254F6A /* Frameworks */ = {
			isa = PBXFrameworksBuildPhase;
			buildActionMask = 2147483647;
			files = (
				CBF2968D1402FEB800254F6A /* UIKit.framework in Frameworks */,
				CBF2968F1402FEB800254F6A /* Foundation.framework in Frameworks */,
			);
			runOnlyForDeploymentPostprocessing = 0;
		};
/* End PBXFrameworksBuildPhase section */

/* Begin PBXGroup section */
		CBF2967D1402FEB800254F6A = {
			isa = PBXGroup;
			children = (
				CBF296901402FEB800254F6A /* fourthree-one */,
				CBF2968B1402FEB800254F6A /* Frameworks */,
				CBF296891402FEB800254F6A /* Products */,
			);
			sourceTree = "<group>";
		};
		CBF296891402FEB800254F6A /* Products */ = {
			isa = PBXGroup;
			children = (
				CBF296881402FEB800254F6A /* fourthree-one.app */,
			);
			name = Products;
			sourceTree = "<group>";
		};
		CBF2968B1402FEB800254F6A /* Frameworks */ = {
			isa = PBXGroup;
			children = (
				CBF2968C1402FEB800254F6A /* UIKit.framework */,
				CBF2968E1402FEB800254F6A /* Foundation.framework */,
			);
			name = Frameworks;
			sourceTree = "<group>";
		};
		CBF296901402FEB800254F6A /* fourthree-one */ = {
			isa = PBXGroup;
			children = (
				CBF296991402FEB900254F6A /* AppDelegate.h */,
				CBF2969A1402FEB900254F6A /* AppDelegate.m */,
				CBF296911402FEB900254F6A /* Supporting Files */,
			);
			path = "fourthree-one";
			sourceTree = "<group>";
		};
		CBF296911402FEB900254F6A /* Supporting Files */ = {
			isa = PBXGroup;
			children = (
				CBF296921402FEB900254F6A /* fourthree-one-Info.plist */,
				CBF296931402FEB900254F6A /* InfoPlist.strings */,
				CBF296961402FEB900254F6A /* main.m */,
				CBF296981402FEB900254F6A /* fourthree-one-Prefix.pch */,
			);
			name = "Supporting Files";
			sourceTree = "<group>";
		};
/* End PBXGroup section */

/* Begin PBXNativeTarget section */
		CBF296871402FEB800254F6A /* fourthree-one */ = {
			isa = PBXNativeTarget;
			buildConfigurationList = CBF2969E1402FEB900254F6A /* Build configuration list for PBXNativeTarget "fourthree-one" */;
			buildPhases = (
				CBF296841402FEB800254F6A /* Sources */,
				CBF296851402FEB800254F6A /* Frameworks */,
				CBF296861402FEB800254F6A /* Resources */,
			);
			buildRules = (
			);
			dependencies = (
			);
			name = "fourthree-one";
			productName = "fourthree-one";
			productReference = CBF296881402FEB800254F6A /* fourthree-one.app */;
			productType = "com.apple.product-type.application";
		};
/* End PBXNativeTarget section */

/* Begin PBXProject section */
		CBF2967F1402FEB800254F6A /* Project object */ = {
			isa = PBXProject;
			attributes = {
				LastUpgradeCheck = 0420;
				ORGANIZATIONNAME = "TLA Digital Projects";
			};
			buildConfigurationList = CBF296821402FEB800254F6A /* Build configuration list for PBXProject "fourthree-one" */;
			compatibilityVersion = "Xcode 3.2";
			developmentRegion = English;
			hasScannedForEncodings = 0;
			knownRegions = (
				en,
			);
			mainGroup = CBF2967D1402FEB800254F6A;
			productRefGroup = CBF296891402FEB800254F6A /* Products */;
			projectDirPath = "";
			projectRoot = "";
			targets = (
				CBF296871402FEB800254F6A /* fourthree-one */,
			);
		};
/* End PBXProject section */

/* Begin PBXResourcesBuildPhase section */
		CBF296861402FEB800254F6A /* Resources */ = {
			isa = PBXResourcesBuildPhase;
			buildActionMask = 2147483647;
			files = (
				CBF296951402FEB900254F6A /* InfoPlist.strings in Resources */,
			);
			runOnlyForDeploymentPostprocessing = 0;
		};
/* End PBXResourcesBuildPhase section */

/* Begin PBXSourcesBuildPhase section */
		CBF296841402FEB800254F6A /* Sources */ = {
			isa = PBXSourcesBuildPhase;
			buildActionMask = 2147483647;
			files = (
				CBF296971402FEB900254F6A /* main.m in Sources */,
				CBF2969B1402FEB900254F6A /* AppDelegate.m in Sources */,
			);
			runOnlyForDeploymentPostprocessing = 0;
		};
/* End PBXSourcesBuildPhase section */

/* Begin PBXVariantGroup section */
		CBF296931402FEB900254F6A /* InfoPlist.strings */ = {
			isa = PBXVariantGroup;
			children = (
				CBF296941402FEB900254F6A /* en */,
			);
			name = InfoPlist.strings;
			sourceTree = "<group>";
		};
/* End PBXVariantGroup section */

/* Begin XCBuildConfiguration section */
		CBF2969C1402FEB900254F6A /* Debug */ = {
			isa = XCBuildConfiguration;
			buildSettings = {
				ALWAYS_SEARCH_USER_PATHS = NO;
				ARCHS = "$(ARCHS_STANDARD_32_BIT)";
				CLANG_ENABLE_OBJC_ARC = YES;
				"CODE_SIGN_IDENTITY[sdk=iphoneos*]" = "iPhone Developer";
				COPY_PHASE_STRIP = NO;
				GCC_C_LANGUAGE_STANDARD = gnu99;
				GCC_DYNAMIC_NO_PIC = NO;
				GCC_OPTIMIZATION_LEVEL = 0;
				GCC_PREPROCESSOR_DEFINITIONS = (
					"DEBUG=1",
					"$(inherited)",
				);
				GCC_SYMBOLS_PRIVATE_EXTERN = NO;
				GCC_VERSION = com.apple.compilers.llvm.clang.1_0;
				GCC_WARN_ABOUT_MISSING_PROTOTYPES = YES;
				GCC_WARN_ABOUT_RETURN_TYPE = YES;
				GCC_WARN_UNUSED_VARIABLE = YES;
				IPHONEOS_DEPLOYMENT_TARGET = 4.3;
				SDKROOT = iphoneos;
			};
			name = Debug;
		};
		CBF2969D1402FEB900254F6A /* Release */ = {
			isa = XCBuildConfiguration;
			buildSettings = {
				ALWAYS_SEARCH_USER_PATHS = NO;
				ARCHS = "$(ARCHS_STANDARD_32_BIT)";
				CLANG_ENABLE_OBJC_ARC = YES;
				"CODE_SIGN_IDENTITY[sdk=iphoneos*]" = "iPhone Developer";
				COPY_PHASE_STRIP = YES;
				GCC_C_LANGUAGE_STANDARD = gnu99;
				GCC_VERSION = com.apple.compilers.llvm.clang.1_0;
				GCC_WARN_ABOUT_MISSING_PROTOTYPES = YES;
				GCC_WARN_ABOUT_RETURN_TYPE = YES;
				GCC_WARN_UNUSED_VARIABLE = YES;
				IPHONEOS_DEPLOYMENT_TARGET = 4.3;
				OTHER_CFLAGS = "-DNS_BLOCK_ASSERTIONS=1";
				SDKROOT = iphoneos;
				VALIDATE_PRODUCT = YES;
			};
			name = Release;
		};
		CBF2969F1402FEB900254F6A /* Debug */ = {
			isa = XCBuildConfiguration;
			buildSettings = {
				GCC_PRECOMPILE_PREFIX_HEADER = YES;
				GCC_PREFIX_HEADER = "fourthree-one/fourthree-one-Prefix.pch";
				INFOPLIST_FILE = "fourthree-one/fourthree-one-Info.plist";
				IPHONEOS_DEPLOYMENT_TARGET = 4.3;
				PRODUCT_NAME = "$(TARGET_NAME)";
				WRAPPER_EXTENSION = app;
			};
			name = Debug;
		};
		CBF296A01402FEB900254F6A /* Release */ = {
			isa = XCBuildConfiguration;
			buildSettings = {
				GCC_PRECOMPILE_PREFIX_HEADER = YES;
				GCC_PREFIX_HEADER = "fourthree-one/fourthree-one-Prefix.pch";
				INFOPLIST_FILE = "fourthree-one/fourthree-one-Info.plist";
				IPHONEOS_DEPLOYMENT_TARGET = 4.3;
				PRODUCT_NAME = "$(TARGET_NAME)";
				WRAPPER_EXTENSION = app;
			};
			name = Release;
		};
/* End XCBuildConfiguration section */

/* Begin XCConfigurationList section */
		CBF296821402FEB800254F6A /* Build configuration list for PBXProject "fourthree-one" */ = {
			isa = XCConfigurationList;
			buildConfigurations = (
				CBF2969C1402FEB900254F6A /* Debug */,
				CBF2969D1402FEB900254F6A /* Release */,
			);
			defaultConfigurationIsVisible = 0;
			defaultConfigurationName = Release;
		};
		CBF2969E1402FEB900254F6A /* Build configuration list for PBXNativeTarget "fourthree-one" */ = {
			isa = XCConfigurationList;
			buildConfigurations = (
				CBF2969F1402FEB900254F6A /* Debug */,
				CBF296A01402FEB900254F6A /* Release */,
			);
			defaultConfigurationIsVisible = 0;
		};
/* End XCConfigurationList section */
	};
	rootObject = CBF2967F1402FEB800254F6A /* Project object */;
}
