// !$*UTF8*$!
{
	archiveVersion = 1;
	classes = {
	};
	objectVersion = 46;
	objects = {

/* Begin PBXBuildFile section */
		CB98311613FC858300BC6EE1 /* UIKit.framework in Frameworks */ = {isa = PBXBuildFile; fileRef = CB98311513FC858300BC6EE1 /* UIKit.framework */; };
		CB98311813FC858400BC6EE1 /* Foundation.framework in Frameworks */ = {isa = PBXBuildFile; fileRef = CB98311713FC858300BC6EE1 /* Foundation.framework */; };
		CB98311A13FC858400BC6EE1 /* CoreData.framework in Frameworks */ = {isa = PBXBuildFile; fileRef = CB98311913FC858400BC6EE1 /* CoreData.framework */; };
		CB98312013FC858400BC6EE1 /* InfoPlist.strings in Resources */ = {isa = PBXBuildFile; fileRef = CB98311E13FC858400BC6EE1 /* InfoPlist.strings */; };
		CB98312213FC858400BC6EE1 /* main.m in Sources */ = {isa = PBXBuildFile; fileRef = CB98312113FC858400BC6EE1 /* main.m */; };
		CB98312613FC858400BC6EE1 /* AppDelegate.m in Sources */ = {isa = PBXBuildFile; fileRef = CB98312513FC858400BC6EE1 /* AppDelegate.m */; };
		CB98312913FC858400BC6EE1 /* fiveoh_two.xcdatamodeld in Sources */ = {isa = PBXBuildFile; fileRef = CB98312713FC858400BC6EE1 /* fiveoh_two.xcdatamodeld */; };
/* End PBXBuildFile section */

/* Begin PBXFileReference section */
		CB98311113FC858300BC6EE1 /* fiveoh-two.app */ = {isa = PBXFileReference; explicitFileType = wrapper.application; includeInIndex = 0; path = "fiveoh-two.app"; sourceTree = BUILT_PRODUCTS_DIR; };
		CB98311513FC858300BC6EE1 /* UIKit.framework */ = {isa = PBXFileReference; lastKnownFileType = wrapper.framework; name = UIKit.framework; path = System/Library/Frameworks/UIKit.framework; sourceTree = SDKROOT; };
		CB98311713FC858300BC6EE1 /* Foundation.framework */ = {isa = PBXFileReference; lastKnownFileType = wrapper.framework; name = Foundation.framework; path = System/Library/Frameworks/Foundation.framework; sourceTree = SDKROOT; };
		CB98311913FC858400BC6EE1 /* CoreData.framework */ = {isa = PBXFileReference; lastKnownFileType = wrapper.framework; name = CoreData.framework; path = System/Library/Frameworks/CoreData.framework; sourceTree = SDKROOT; };
		CB98311D13FC858400BC6EE1 /* fiveoh-two-Info.plist */ = {isa = PBXFileReference; lastKnownFileType = text.plist.xml; path = "fiveoh-two-Info.plist"; sourceTree = "<group>"; };
		CB98311F13FC858400BC6EE1 /* en */ = {isa = PBXFileReference; lastKnownFileType = text.plist.strings; name = en; path = en.lproj/InfoPlist.strings; sourceTree = "<group>"; };
		CB98312113FC858400BC6EE1 /* main.m */ = {isa = PBXFileReference; lastKnownFileType = sourcecode.c.objc; path = main.m; sourceTree = "<group>"; };
		CB98312313FC858400BC6EE1 /* fiveoh-two-Prefix.pch */ = {isa = PBXFileReference; lastKnownFileType = sourcecode.c.h; path = "fiveoh-two-Prefix.pch"; sourceTree = "<group>"; };
		CB98312413FC858400BC6EE1 /* AppDelegate.h */ = {isa = PBXFileReference; lastKnownFileType = sourcecode.c.h; path = AppDelegate.h; sourceTree = "<group>"; };
		CB98312513FC858400BC6EE1 /* AppDelegate.m */ = {isa = PBXFileReference; lastKnownFileType = sourcecode.c.objc; path = AppDelegate.m; sourceTree = "<group>"; };
		CB98312813FC858400BC6EE1 /* fiveoh_two.xcdatamodel */ = {isa = PBXFileReference; lastKnownFileType = wrapper.xcdatamodel; path = fiveoh_two.xcdatamodel; sourceTree = "<group>"; };
/* End PBXFileReference section */

/* Begin PBXFrameworksBuildPhase section */
		CB98310E13FC858300BC6EE1 /* Frameworks */ = {
			isa = PBXFrameworksBuildPhase;
			buildActionMask = 2147483647;
			files = (
				CB98311613FC858300BC6EE1 /* UIKit.framework in Frameworks */,
				CB98311813FC858400BC6EE1 /* Foundation.framework in Frameworks */,
				CB98311A13FC858400BC6EE1 /* CoreData.framework in Frameworks */,
			);
			runOnlyForDeploymentPostprocessing = 0;
		};
/* End PBXFrameworksBuildPhase section */

/* Begin PBXGroup section */
		CB98310613FC858300BC6EE1 = {
			isa = PBXGroup;
			children = (
				CB98311B13FC858400BC6EE1 /* fiveoh-two */,
				CB98311413FC858300BC6EE1 /* Frameworks */,
				CB98311213FC858300BC6EE1 /* Products */,
			);
			sourceTree = "<group>";
		};
		CB98311213FC858300BC6EE1 /* Products */ = {
			isa = PBXGroup;
			children = (
				CB98311113FC858300BC6EE1 /* fiveoh-two.app */,
			);
			name = Products;
			sourceTree = "<group>";
		};
		CB98311413FC858300BC6EE1 /* Frameworks */ = {
			isa = PBXGroup;
			children = (
				CB98311513FC858300BC6EE1 /* UIKit.framework */,
				CB98311713FC858300BC6EE1 /* Foundation.framework */,
				CB98311913FC858400BC6EE1 /* CoreData.framework */,
			);
			name = Frameworks;
			sourceTree = "<group>";
		};
		CB98311B13FC858400BC6EE1 /* fiveoh-two */ = {
			isa = PBXGroup;
			children = (
				CB98312413FC858400BC6EE1 /* AppDelegate.h */,
				CB98312513FC858400BC6EE1 /* AppDelegate.m */,
				CB98312713FC858400BC6EE1 /* fiveoh_two.xcdatamodeld */,
				CB98311C13FC858400BC6EE1 /* Supporting Files */,
			);
			path = "fiveoh-two";
			sourceTree = "<group>";
		};
		CB98311C13FC858400BC6EE1 /* Supporting Files */ = {
			isa = PBXGroup;
			children = (
				CB98311D13FC858400BC6EE1 /* fiveoh-two-Info.plist */,
				CB98311E13FC858400BC6EE1 /* InfoPlist.strings */,
				CB98312113FC858400BC6EE1 /* main.m */,
				CB98312313FC858400BC6EE1 /* fiveoh-two-Prefix.pch */,
			);
			name = "Supporting Files";
			sourceTree = "<group>";
		};
/* End PBXGroup section */

/* Begin PBXNativeTarget section */
		CB98311013FC858300BC6EE1 /* fiveoh-two */ = {
			isa = PBXNativeTarget;
			buildConfigurationList = CB98312C13FC858400BC6EE1 /* Build configuration list for PBXNativeTarget "fiveoh-two" */;
			buildPhases = (
				CB98310D13FC858300BC6EE1 /* Sources */,
				CB98310E13FC858300BC6EE1 /* Frameworks */,
				CB98310F13FC858300BC6EE1 /* Resources */,
			);
			buildRules = (
			);
			dependencies = (
			);
			name = "fiveoh-two";
			productName = "fiveoh-two";
			productReference = CB98311113FC858300BC6EE1 /* fiveoh-two.app */;
			productType = "com.apple.product-type.application";
		};
/* End PBXNativeTarget section */

/* Begin PBXProject section */
		CB98310813FC858300BC6EE1 /* Project object */ = {
			isa = PBXProject;
			attributes = {
				LastUpgradeCheck = 0420;
				ORGANIZATIONNAME = "TLA Digital Projects";
			};
			buildConfigurationList = CB98310B13FC858300BC6EE1 /* Build configuration list for PBXProject "fiveoh-two" */;
			compatibilityVersion = "Xcode 3.2";
			developmentRegion = English;
			hasScannedForEncodings = 0;
			knownRegions = (
				en,
			);
			mainGroup = CB98310613FC858300BC6EE1;
			productRefGroup = CB98311213FC858300BC6EE1 /* Products */;
			projectDirPath = "";
			projectRoot = "";
			targets = (
				CB98311013FC858300BC6EE1 /* fiveoh-two */,
			);
		};
/* End PBXProject section */

/* Begin PBXResourcesBuildPhase section */
		CB98310F13FC858300BC6EE1 /* Resources */ = {
			isa = PBXResourcesBuildPhase;
			buildActionMask = 2147483647;
			files = (
				CB98312013FC858400BC6EE1 /* InfoPlist.strings in Resources */,
			);
			runOnlyForDeploymentPostprocessing = 0;
		};
/* End PBXResourcesBuildPhase section */

/* Begin PBXSourcesBuildPhase section */
		CB98310D13FC858300BC6EE1 /* Sources */ = {
			isa = PBXSourcesBuildPhase;
			buildActionMask = 2147483647;
			files = (
				CB98312213FC858400BC6EE1 /* main.m in Sources */,
				CB98312613FC858400BC6EE1 /* AppDelegate.m in Sources */,
				CB98312913FC858400BC6EE1 /* fiveoh_two.xcdatamodeld in Sources */,
			);
			runOnlyForDeploymentPostprocessing = 0;
		};
/* End PBXSourcesBuildPhase section */

/* Begin PBXVariantGroup section */
		CB98311E13FC858400BC6EE1 /* InfoPlist.strings */ = {
			isa = PBXVariantGroup;
			children = (
				CB98311F13FC858400BC6EE1 /* en */,
			);
			name = InfoPlist.strings;
			sourceTree = "<group>";
		};
/* End PBXVariantGroup section */

/* Begin XCBuildConfiguration section */
		CB98312A13FC858400BC6EE1 /* Debug */ = {
			isa = XCBuildConfiguration;
			buildSettings = {
				ALWAYS_SEARCH_USER_PATHS = NO;
				ARCHS = "$(ARCHS_STANDARD_32_BIT)";
				CLANG_ENABLE_OBJC_ARC = YES;
				"CODE_SIGN_IDENTITY[sdk=iphoneos*]" = "iPhone Developer";
				COPY_PHASE_STRIP = NO;
				GCC_C_LANGUAGE_STANDARD = gnu99;
				GCC_DYNAMIC_NO_PIC = NO;
				GCC_OPTIMIZATION_LEVEL = 0;
				GCC_PREPROCESSOR_DEFINITIONS = (
					"DEBUG=1",
					"$(inherited)",
				);
				GCC_SYMBOLS_PRIVATE_EXTERN = NO;
				GCC_VERSION = com.apple.compilers.llvm.clang.1_0;
				GCC_WARN_ABOUT_MISSING_PROTOTYPES = YES;
				GCC_WARN_ABOUT_RETURN_TYPE = YES;
				GCC_WARN_UNUSED_VARIABLE = YES;
				IPHONEOS_DEPLOYMENT_TARGET = 5.0;
				SDKROOT = iphoneos;
				TARGETED_DEVICE_FAMILY = "1,2";
			};
			name = Debug;
		};
		CB98312B13FC858400BC6EE1 /* Release */ = {
			isa = XCBuildConfiguration;
			buildSettings = {
				ALWAYS_SEARCH_USER_PATHS = NO;
				ARCHS = "$(ARCHS_STANDARD_32_BIT)";
				CLANG_ENABLE_OBJC_ARC = YES;
				"CODE_SIGN_IDENTITY[sdk=iphoneos*]" = "iPhone Developer";
				COPY_PHASE_STRIP = YES;
				GCC_C_LANGUAGE_STANDARD = gnu99;
				GCC_VERSION = com.apple.compilers.llvm.clang.1_0;
				GCC_WARN_ABOUT_MISSING_PROTOTYPES = YES;
				GCC_WARN_ABOUT_RETURN_TYPE = YES;
				GCC_WARN_UNUSED_VARIABLE = YES;
				IPHONEOS_DEPLOYMENT_TARGET = 5.0;
				OTHER_CFLAGS = "-DNS_BLOCK_ASSERTIONS=1";
				SDKROOT = iphoneos;
				TARGETED_DEVICE_FAMILY = "1,2";
				VALIDATE_PRODUCT = YES;
			};
			name = Release;
		};
		CB98312D13FC858400BC6EE1 /* Debug */ = {
			isa = XCBuildConfiguration;
			buildSettings = {
				GCC_PRECOMPILE_PREFIX_HEADER = YES;
				GCC_PREFIX_HEADER = "fiveoh-two/fiveoh-two-Prefix.pch";
				INFOPLIST_FILE = "fiveoh-two/fiveoh-two-Info.plist";
				PRODUCT_NAME = "$(TARGET_NAME)";
				WRAPPER_EXTENSION = app;
			};
			name = Debug;
		};
		CB98312E13FC858400BC6EE1 /* Release */ = {
			isa = XCBuildConfiguration;
			buildSettings = {
				GCC_PRECOMPILE_PREFIX_HEADER = YES;
				GCC_PREFIX_HEADER = "fiveoh-two/fiveoh-two-Prefix.pch";
				INFOPLIST_FILE = "fiveoh-two/fiveoh-two-Info.plist";
				PRODUCT_NAME = "$(TARGET_NAME)";
				WRAPPER_EXTENSION = app;
			};
			name = Release;
		};
/* End XCBuildConfiguration section */

/* Begin XCConfigurationList section */
		CB98310B13FC858300BC6EE1 /* Build configuration list for PBXProject "fiveoh-two" */ = {
			isa = XCConfigurationList;
			buildConfigurations = (
				CB98312A13FC858400BC6EE1 /* Debug */,
				CB98312B13FC858400BC6EE1 /* Release */,
			);
			defaultConfigurationIsVisible = 0;
			defaultConfigurationName = Release;
		};
		CB98312C13FC858400BC6EE1 /* Build configuration list for PBXNativeTarget "fiveoh-two" */ = {
			isa = XCConfigurationList;
			buildConfigurations = (
				CB98312D13FC858400BC6EE1 /* Debug */,
				CB98312E13FC858400BC6EE1 /* Release */,
			);
			defaultConfigurationIsVisible = 0;
		};
/* End XCConfigurationList section */

/* Begin XCVersionGroup section */
		CB98312713FC858400BC6EE1 /* fiveoh_two.xcdatamodeld */ = {
			isa = XCVersionGroup;
			children = (
				CB98312813FC858400BC6EE1 /* fiveoh_two.xcdatamodel */,
			);
			currentVersion = CB98312813FC858400BC6EE1 /* fiveoh_two.xcdatamodel */;
			path = fiveoh_two.xcdatamodeld;
			sourceTree = "<group>";
			versionGroupType = wrapper.xcdatamodel;
		};
/* End XCVersionGroup section */
	};
	rootObject = CB98310813FC858300BC6EE1 /* Project object */;
}
