// !$*UTF8*$!
{
	archiveVersion = 1;
	classes = {
	};
	objectVersion = 46;
	objects = {

/* Begin PBXBuildFile section */
		CB3CCE64141E9EB6007F5529 /* UIKit.framework in Frameworks */ = {isa = PBXBuildFile; fileRef = CB3CCE63141E9EB6007F5529 /* UIKit.framework */; };
		CB3CCE66141E9EB6007F5529 /* Foundation.framework in Frameworks */ = {isa = PBXBuildFile; fileRef = CB3CCE65141E9EB6007F5529 /* Foundation.framework */; };
		CB3CCE68141E9EB6007F5529 /* CoreGraphics.framework in Frameworks */ = {isa = PBXBuildFile; fileRef = CB3CCE67141E9EB6007F5529 /* CoreGraphics.framework */; };
		CB3CCE6E141E9EB6007F5529 /* InfoPlist.strings in Resources */ = {isa = PBXBuildFile; fileRef = CB3CCE6C141E9EB6007F5529 /* InfoPlist.strings */; };
		CB3CCE70141E9EB6007F5529 /* main.m in Sources */ = {isa = PBXBuildFile; fileRef = CB3CCE6F141E9EB6007F5529 /* main.m */; };
		CB3CCE74141E9EB6007F5529 /* fourthree_twoAppDelegate.m in Sources */ = {isa = PBXBuildFile; fileRef = CB3CCE73141E9EB6007F5529 /* fourthree_twoAppDelegate.m */; };
		CB3CCE77141E9EB6007F5529 /* MainWindow.xib in Resources */ = {isa = PBXBuildFile; fileRef = CB3CCE75141E9EB6007F5529 /* MainWindow.xib */; };
		CB3CCE7A141E9EB6007F5529 /* RootViewController.m in Sources */ = {isa = PBXBuildFile; fileRef = CB3CCE79141E9EB6007F5529 /* RootViewController.m */; };
		CB3CCE7D141E9EB6007F5529 /* RootViewController.xib in Resources */ = {isa = PBXBuildFile; fileRef = CB3CCE7B141E9EB6007F5529 /* RootViewController.xib */; };
		CB3CCE89141EA12F007F5529 /* RenderTestView.m in Sources */ = {isa = PBXBuildFile; fileRef = CB3CCE87141EA12F007F5529 /* RenderTestView.m */; };
		CB3CCE8A141EA12F007F5529 /* RenderTestView.xib in Resources */ = {isa = PBXBuildFile; fileRef = CB3CCE88141EA12F007F5529 /* RenderTestView.xib */; };
/* End PBXBuildFile section */

/* Begin PBXFileReference section */
		CB3CCE5F141E9EB6007F5529 /* fourthree-two.app */ = {isa = PBXFileReference; explicitFileType = wrapper.application; includeInIndex = 0; path = "fourthree-two.app"; sourceTree = BUILT_PRODUCTS_DIR; };
		CB3CCE63141E9EB6007F5529 /* UIKit.framework */ = {isa = PBXFileReference; lastKnownFileType = wrapper.framework; name = UIKit.framework; path = System/Library/Frameworks/UIKit.framework; sourceTree = SDKROOT; };
		CB3CCE65141E9EB6007F5529 /* Foundation.framework */ = {isa = PBXFileReference; lastKnownFileType = wrapper.framework; name = Foundation.framework; path = System/Library/Frameworks/Foundation.framework; sourceTree = SDKROOT; };
		CB3CCE67141E9EB6007F5529 /* CoreGraphics.framework */ = {isa = PBXFileReference; lastKnownFileType = wrapper.framework; name = CoreGraphics.framework; path = System/Library/Frameworks/CoreGraphics.framework; sourceTree = SDKROOT; };
		CB3CCE6B141E9EB6007F5529 /* fourthree-two-Info.plist */ = {isa = PBXFileReference; lastKnownFileType = text.plist.xml; path = "fourthree-two-Info.plist"; sourceTree = "<group>"; };
		CB3CCE6D141E9EB6007F5529 /* en */ = {isa = PBXFileReference; lastKnownFileType = text.plist.strings; name = en; path = en.lproj/InfoPlist.strings; sourceTree = "<group>"; };
		CB3CCE6F141E9EB6007F5529 /* main.m */ = {isa = PBXFileReference; lastKnownFileType = sourcecode.c.objc; path = main.m; sourceTree = "<group>"; };
		CB3CCE71141E9EB6007F5529 /* fourthree-two-Prefix.pch */ = {isa = PBXFileReference; lastKnownFileType = sourcecode.c.h; path = "fourthree-two-Prefix.pch"; sourceTree = "<group>"; };
		CB3CCE72141E9EB6007F5529 /* fourthree_twoAppDelegate.h */ = {isa = PBXFileReference; lastKnownFileType = sourcecode.c.h; path = fourthree_twoAppDelegate.h; sourceTree = "<group>"; };
		CB3CCE73141E9EB6007F5529 /* fourthree_twoAppDelegate.m */ = {isa = PBXFileReference; lastKnownFileType = sourcecode.c.objc; path = fourthree_twoAppDelegate.m; sourceTree = "<group>"; };
		CB3CCE76141E9EB6007F5529 /* en */ = {isa = PBXFileReference; lastKnownFileType = file.xib; name = en; path = en.lproj/MainWindow.xib; sourceTree = "<group>"; };
		CB3CCE78141E9EB6007F5529 /* RootViewController.h */ = {isa = PBXFileReference; lastKnownFileType = sourcecode.c.h; path = RootViewController.h; sourceTree = "<group>"; };
		CB3CCE79141E9EB6007F5529 /* RootViewController.m */ = {isa = PBXFileReference; lastKnownFileType = sourcecode.c.objc; path = RootViewController.m; sourceTree = "<group>"; };
		CB3CCE7C141E9EB6007F5529 /* en */ = {isa = PBXFileReference; lastKnownFileType = file.xib; name = en; path = en.lproj/RootViewController.xib; sourceTree = "<group>"; };
		CB3CCE86141EA12F007F5529 /* RenderTestView.h */ = {isa = PBXFileReference; fileEncoding = 4; lastKnownFileType = sourcecode.c.h; path = RenderTestView.h; sourceTree = "<group>"; };
		CB3CCE87141EA12F007F5529 /* RenderTestView.m */ = {isa = PBXFileReference; fileEncoding = 4; lastKnownFileType = sourcecode.c.objc; path = RenderTestView.m; sourceTree = "<group>"; };
		CB3CCE88141EA12F007F5529 /* RenderTestView.xib */ = {isa = PBXFileReference; fileEncoding = 4; lastKnownFileType = file.xib; path = RenderTestView.xib; sourceTree = "<group>"; };
/* End PBXFileReference section */

/* Begin PBXFrameworksBuildPhase section */
		CB3CCE5C141E9EB6007F5529 /* Frameworks */ = {
			isa = PBXFrameworksBuildPhase;
			buildActionMask = 2147483647;
			files = (
				CB3CCE64141E9EB6007F5529 /* UIKit.framework in Frameworks */,
				CB3CCE66141E9EB6007F5529 /* Foundation.framework in Frameworks */,
				CB3CCE68141E9EB6007F5529 /* CoreGraphics.framework in Frameworks */,
			);
			runOnlyForDeploymentPostprocessing = 0;
		};
/* End PBXFrameworksBuildPhase section */

/* Begin PBXGroup section */
		CB3CCE54141E9EB6007F5529 = {
			isa = PBXGroup;
			children = (
				CB3CCE69141E9EB6007F5529 /* fourthree-two */,
				CB3CCE62141E9EB6007F5529 /* Frameworks */,
				CB3CCE60141E9EB6007F5529 /* Products */,
			);
			sourceTree = "<group>";
		};
		CB3CCE60141E9EB6007F5529 /* Products */ = {
			isa = PBXGroup;
			children = (
				CB3CCE5F141E9EB6007F5529 /* fourthree-two.app */,
			);
			name = Products;
			sourceTree = "<group>";
		};
		CB3CCE62141E9EB6007F5529 /* Frameworks */ = {
			isa = PBXGroup;
			children = (
				CB3CCE63141E9EB6007F5529 /* UIKit.framework */,
				CB3CCE65141E9EB6007F5529 /* Foundation.framework */,
				CB3CCE67141E9EB6007F5529 /* CoreGraphics.framework */,
			);
			name = Frameworks;
			sourceTree = "<group>";
		};
		CB3CCE69141E9EB6007F5529 /* fourthree-two */ = {
			isa = PBXGroup;
			children = (
				CB3CCE84141EA069007F5529 /* Classes */,
				CB3CCE72141E9EB6007F5529 /* fourthree_twoAppDelegate.h */,
				CB3CCE73141E9EB6007F5529 /* fourthree_twoAppDelegate.m */,
				CB3CCE75141E9EB6007F5529 /* MainWindow.xib */,
				CB3CCE6A141E9EB6007F5529 /* Supporting Files */,
			);
			path = "fourthree-two";
			sourceTree = "<group>";
		};
		CB3CCE6A141E9EB6007F5529 /* Supporting Files */ = {
			isa = PBXGroup;
			children = (
				CB3CCE6B141E9EB6007F5529 /* fourthree-two-Info.plist */,
				CB3CCE6C141E9EB6007F5529 /* InfoPlist.strings */,
				CB3CCE6F141E9EB6007F5529 /* main.m */,
				CB3CCE71141E9EB6007F5529 /* fourthree-two-Prefix.pch */,
			);
			name = "Supporting Files";
			sourceTree = "<group>";
		};
		CB3CCE84141EA069007F5529 /* Classes */ = {
			isa = PBXGroup;
			children = (
				CB3CCE85141EA07F007F5529 /* Views */,
			);
			name = Classes;
			sourceTree = "<group>";
		};
		CB3CCE85141EA07F007F5529 /* Views */ = {
			isa = PBXGroup;
			children = (
				CB3CCE78141E9EB6007F5529 /* RootViewController.h */,
				CB3CCE79141E9EB6007F5529 /* RootViewController.m */,
				CB3CCE7B141E9EB6007F5529 /* RootViewController.xib */,
				CB3CCE86141EA12F007F5529 /* RenderTestView.h */,
				CB3CCE87141EA12F007F5529 /* RenderTestView.m */,
				CB3CCE88141EA12F007F5529 /* RenderTestView.xib */,
			);
			name = Views;
			sourceTree = "<group>";
		};
/* End PBXGroup section */

/* Begin PBXNativeTarget section */
		CB3CCE5E141E9EB6007F5529 /* fourthree-two */ = {
			isa = PBXNativeTarget;
			buildConfigurationList = CB3CCE80141E9EB6007F5529 /* Build configuration list for PBXNativeTarget "fourthree-two" */;
			buildPhases = (
				CB3CCE5B141E9EB6007F5529 /* Sources */,
				CB3CCE5C141E9EB6007F5529 /* Frameworks */,
				CB3CCE5D141E9EB6007F5529 /* Resources */,
			);
			buildRules = (
			);
			dependencies = (
			);
			name = "fourthree-two";
			productName = "fourthree-two";
			productReference = CB3CCE5F141E9EB6007F5529 /* fourthree-two.app */;
			productType = "com.apple.product-type.application";
		};
/* End PBXNativeTarget section */

/* Begin PBXProject section */
		CB3CCE56141E9EB6007F5529 /* Project object */ = {
			isa = PBXProject;
			attributes = {
				LastUpgradeCheck = 0420;
				ORGANIZATIONNAME = "TLA Digital Projects";
			};
			buildConfigurationList = CB3CCE59141E9EB6007F5529 /* Build configuration list for PBXProject "fourthree-two" */;
			compatibilityVersion = "Xcode 3.2";
			developmentRegion = English;
			hasScannedForEncodings = 0;
			knownRegions = (
				en,
			);
			mainGroup = CB3CCE54141E9EB6007F5529;
			productRefGroup = CB3CCE60141E9EB6007F5529 /* Products */;
			projectDirPath = "";
			projectRoot = "";
			targets = (
				CB3CCE5E141E9EB6007F5529 /* fourthree-two */,
			);
		};
/* End PBXProject section */

/* Begin PBXResourcesBuildPhase section */
		CB3CCE5D141E9EB6007F5529 /* Resources */ = {
			isa = PBXResourcesBuildPhase;
			buildActionMask = 2147483647;
			files = (
				CB3CCE6E141E9EB6007F5529 /* InfoPlist.strings in Resources */,
				CB3CCE77141E9EB6007F5529 /* MainWindow.xib in Resources */,
				CB3CCE7D141E9EB6007F5529 /* RootViewController.xib in Resources */,
				CB3CCE8A141EA12F007F5529 /* RenderTestView.xib in Resources */,
			);
			runOnlyForDeploymentPostprocessing = 0;
		};
/* End PBXResourcesBuildPhase section */

/* Begin PBXSourcesBuildPhase section */
		CB3CCE5B141E9EB6007F5529 /* Sources */ = {
			isa = PBXSourcesBuildPhase;
			buildActionMask = 2147483647;
			files = (
				CB3CCE70141E9EB6007F5529 /* main.m in Sources */,
				CB3CCE74141E9EB6007F5529 /* fourthree_twoAppDelegate.m in Sources */,
				CB3CCE7A141E9EB6007F5529 /* RootViewController.m in Sources */,
				CB3CCE89141EA12F007F5529 /* RenderTestView.m in Sources */,
			);
			runOnlyForDeploymentPostprocessing = 0;
		};
/* End PBXSourcesBuildPhase section */

/* Begin PBXVariantGroup section */
		CB3CCE6C141E9EB6007F5529 /* InfoPlist.strings */ = {
			isa = PBXVariantGroup;
			children = (
				CB3CCE6D141E9EB6007F5529 /* en */,
			);
			name = InfoPlist.strings;
			sourceTree = "<group>";
		};
		CB3CCE75141E9EB6007F5529 /* MainWindow.xib */ = {
			isa = PBXVariantGroup;
			children = (
				CB3CCE76141E9EB6007F5529 /* en */,
			);
			name = MainWindow.xib;
			sourceTree = "<group>";
		};
		CB3CCE7B141E9EB6007F5529 /* RootViewController.xib */ = {
			isa = PBXVariantGroup;
			children = (
				CB3CCE7C141E9EB6007F5529 /* en */,
			);
			name = RootViewController.xib;
			sourceTree = "<group>";
		};
/* End PBXVariantGroup section */

/* Begin XCBuildConfiguration section */
		CB3CCE7E141E9EB6007F5529 /* Debug */ = {
			isa = XCBuildConfiguration;
			buildSettings = {
				ALWAYS_SEARCH_USER_PATHS = NO;
				ARCHS = "$(ARCHS_STANDARD_32_BIT)";
				"CODE_SIGN_IDENTITY[sdk=iphoneos*]" = "iPhone Developer";
				COPY_PHASE_STRIP = NO;
				GCC_C_LANGUAGE_STANDARD = gnu99;
				GCC_DYNAMIC_NO_PIC = NO;
				GCC_OPTIMIZATION_LEVEL = 0;
				GCC_PREPROCESSOR_DEFINITIONS = (
					"DEBUG=1",
					"$(inherited)",
				);
				GCC_SYMBOLS_PRIVATE_EXTERN = NO;
				GCC_VERSION = com.apple.compilers.llvmgcc42;
				GCC_WARN_ABOUT_MISSING_PROTOTYPES = YES;
				GCC_WARN_ABOUT_RETURN_TYPE = YES;
				GCC_WARN_UNUSED_VARIABLE = YES;
				IPHONEOS_DEPLOYMENT_TARGET = 4.3;
				SDKROOT = iphoneos;
			};
			name = Debug;
		};
		CB3CCE7F141E9EB6007F5529 /* Release */ = {
			isa = XCBuildConfiguration;
			buildSettings = {
				ALWAYS_SEARCH_USER_PATHS = NO;
				ARCHS = "$(ARCHS_STANDARD_32_BIT)";
				"CODE_SIGN_IDENTITY[sdk=iphoneos*]" = "iPhone Developer";
				COPY_PHASE_STRIP = YES;
				GCC_C_LANGUAGE_STANDARD = gnu99;
				GCC_VERSION = com.apple.compilers.llvmgcc42;
				GCC_WARN_ABOUT_MISSING_PROTOTYPES = YES;
				GCC_WARN_ABOUT_RETURN_TYPE = YES;
				GCC_WARN_UNUSED_VARIABLE = YES;
				IPHONEOS_DEPLOYMENT_TARGET = 4.3;
				OTHER_CFLAGS = "-DNS_BLOCK_ASSERTIONS=1";
				SDKROOT = iphoneos;
				VALIDATE_PRODUCT = YES;
			};
			name = Release;
		};
		CB3CCE81141E9EB6007F5529 /* Debug */ = {
			isa = XCBuildConfiguration;
			buildSettings = {
				GCC_PRECOMPILE_PREFIX_HEADER = YES;
				GCC_PREFIX_HEADER = "fourthree-two/fourthree-two-Prefix.pch";
				INFOPLIST_FILE = "fourthree-two/fourthree-two-Info.plist";
				PRODUCT_NAME = "$(TARGET_NAME)";
				WRAPPER_EXTENSION = app;
			};
			name = Debug;
		};
		CB3CCE82141E9EB6007F5529 /* Release */ = {
			isa = XCBuildConfiguration;
			buildSettings = {
				GCC_PRECOMPILE_PREFIX_HEADER = YES;
				GCC_PREFIX_HEADER = "fourthree-two/fourthree-two-Prefix.pch";
				INFOPLIST_FILE = "fourthree-two/fourthree-two-Info.plist";
				PRODUCT_NAME = "$(TARGET_NAME)";
				WRAPPER_EXTENSION = app;
			};
			name = Release;
		};
/* End XCBuildConfiguration section */

/* Begin XCConfigurationList section */
		CB3CCE59141E9EB6007F5529 /* Build configuration list for PBXProject "fourthree-two" */ = {
			isa = XCConfigurationList;
			buildConfigurations = (
				CB3CCE7E141E9EB6007F5529 /* Debug */,
				CB3CCE7F141E9EB6007F5529 /* Release */,
			);
			defaultConfigurationIsVisible = 0;
			defaultConfigurationName = Release;
		};
		CB3CCE80141E9EB6007F5529 /* Build configuration list for PBXNativeTarget "fourthree-two" */ = {
			isa = XCConfigurationList;
			buildConfigurations = (
				CB3CCE81141E9EB6007F5529 /* Debug */,
				CB3CCE82141E9EB6007F5529 /* Release */,
			);
			defaultConfigurationIsVisible = 0;
			defaultConfigurationName = Release;
		};
/* End XCConfigurationList section */
	};
	rootObject = CB3CCE56141E9EB6007F5529 /* Project object */;
}
